{
  "object": {
    "pins": [
      {
        "package": "SkeletonView",
        "repositoryURL": "https://github.com/Juanpe/SkeletonView.git",
        "state": {
          "branch": null,
          "revision": "9e61ff3a85a3780a2cdfceae0257ad32fa8ae4d3",
          "version": "1.29.2"
        }
      }
    ]
  },
  "version": 1
}
