// !$*UTF8*$!
{
	archiveVersion = 1;
	classes = {
	};
	objectVersion = 55;
	objects = {

/* Begin PBXBuildFile section */
		0D156C76279B3FAE009762C9 /* LocationManager.swift in Sources */ = {isa = PBXBuildFile; fileRef = 0D156C75279B3FAE009762C9 /* LocationManager.swift */; };
		0D1582A62799690D00853777 /* CustomTransitionViewController.swift in Sources */ = {isa = PBXBuildFile; fileRef = 0D1582A02799690D00853777 /* CustomTransitionViewController.swift */; };
		0D1582A72799690D00853777 /* SpinerLayer.swift in Sources */ = {isa = PBXBuildFile; fileRef = 0D1582A12799690D00853777 /* SpinerLayer.swift */; };
		0D1582A82799690D00853777 /* TransitionButton.swift in Sources */ = {isa = PBXBuildFile; fileRef = 0D1582A22799690D00853777 /* TransitionButton.swift */; };
		0D1582A92799690D00853777 /* FadeTransition.swift in Sources */ = {isa = PBXBuildFile; fileRef = 0D1582A32799690D00853777 /* FadeTransition.swift */; };
		0D1582AA2799690D00853777 /* CGRectExtension.swift in Sources */ = {isa = PBXBuildFile; fileRef = 0D1582A42799690D00853777 /* CGRectExtension.swift */; };
		0D1AD7AF2781C8510063DE71 /* HomeTVTopCell.swift in Sources */ = {isa = PBXBuildFile; fileRef = 0D1AD7AE2781C8510063DE71 /* HomeTVTopCell.swift */; };
		0D1AD7B12781CA510063DE71 /* HomeTVBottomCell.swift in Sources */ = {isa = PBXBuildFile; fileRef = 0D1AD7B02781CA510063DE71 /* HomeTVBottomCell.swift */; };
		0D1AD7B32781CA940063DE71 /* MainViewModel.swift in Sources */ = {isa = PBXBuildFile; fileRef = 0D1AD7B22781CA940063DE71 /* MainViewModel.swift */; };
		0D2C10CA27707C2900B0AC93 /* AuthRequest.swift in Sources */ = {isa = PBXBuildFile; fileRef = 0D2C10C927707C2900B0AC93 /* AuthRequest.swift */; };
		0D2C10CD277096A000B0AC93 /* Loopable.swift in Sources */ = {isa = PBXBuildFile; fileRef = 0D2C10CC277096A000B0AC93 /* Loopable.swift */; };
		0D2C10CF27709E9100B0AC93 /* SelfRequest.swift in Sources */ = {isa = PBXBuildFile; fileRef = 0D2C10CE27709E9100B0AC93 /* SelfRequest.swift */; };
		0D2C10D12770A29C00B0AC93 /* FetchTravelPlansRequest.swift in Sources */ = {isa = PBXBuildFile; fileRef = 0D2C10D02770A29C00B0AC93 /* FetchTravelPlansRequest.swift */; };
		0D2C10D52770A61C00B0AC93 /* AddTravelPlanRequest.swift in Sources */ = {isa = PBXBuildFile; fileRef = 0D2C10D42770A61C00B0AC93 /* AddTravelPlanRequest.swift */; };
		0D2C10D92770AD1700B0AC93 /* EditTravelPlanRequest.swift in Sources */ = {isa = PBXBuildFile; fileRef = 0D2C10D82770AD1700B0AC93 /* EditTravelPlanRequest.swift */; };
		0D2C10DB2770B14D00B0AC93 /* DeleteTravelPlanRequest.swift in Sources */ = {isa = PBXBuildFile; fileRef = 0D2C10DA2770B14D00B0AC93 /* DeleteTravelPlanRequest.swift */; };
		0D2C10DD2770B52000B0AC93 /* FetchAirportsRequest.swift in Sources */ = {isa = PBXBuildFile; fileRef = 0D2C10DC2770B52000B0AC93 /* FetchAirportsRequest.swift */; };
		0D2C10DF2770B5D600B0AC93 /* FetchVaccinesRequest.swift in Sources */ = {isa = PBXBuildFile; fileRef = 0D2C10DE2770B5D600B0AC93 /* FetchVaccinesRequest.swift */; };
		0D2C10E12770B6AA00B0AC93 /* FetchNationalitiesRequest.swift in Sources */ = {isa = PBXBuildFile; fileRef = 0D2C10E02770B6AA00B0AC93 /* FetchNationalitiesRequest.swift */; };
		0D2C10E32770B73E00B0AC93 /* FetchRestrictionsRequest.swift in Sources */ = {isa = PBXBuildFile; fileRef = 0D2C10E22770B73E00B0AC93 /* FetchRestrictionsRequest.swift */; };
		0D2EF04C277DA50F00FE4E1B /* Constants.swift in Sources */ = {isa = PBXBuildFile; fileRef = 0D2EF04B277DA50F00FE4E1B /* Constants.swift */; };
		0D30155E27908CBE0078B644 /* RestrictionTableViewCell.swift in Sources */ = {isa = PBXBuildFile; fileRef = 0D05BD7327902CEA00B7FEB2 /* RestrictionTableViewCell.swift */; };
		0D5394722789F1EA00B94B8A /* SummaryListTitleCell.swift in Sources */ = {isa = PBXBuildFile; fileRef = 0D5394712789F1EA00B94B8A /* SummaryListTitleCell.swift */; };
		0D5B34EE27705F8E00148518 /* APIManager.swift in Sources */ = {isa = PBXBuildFile; fileRef = 0D5B34ED27705F8E00148518 /* APIManager.swift */; };
		0D5BE44F2784BB5A00EFBF71 /* BezierPathSuperpowers.swift in Sources */ = {isa = PBXBuildFile; fileRef = 0D5BE44E2784BB5A00EFBF71 /* BezierPathSuperpowers.swift */; };
		0D5CED42276F7691008D29B9 /* User.swift in Sources */ = {isa = PBXBuildFile; fileRef = 0D5CED41276F7691008D29B9 /* User.swift */; };
		0D5CED45276F7D78008D29B9 /* AddTravelPlanResponse.swift in Sources */ = {isa = PBXBuildFile; fileRef = 0D5CED44276F7D78008D29B9 /* AddTravelPlanResponse.swift */; };
		0D5CED47276F7E7E008D29B9 /* AuthResponse.swift in Sources */ = {isa = PBXBuildFile; fileRef = 0D5CED46276F7E7E008D29B9 /* AuthResponse.swift */; };
		0D5CED49276F7EB7008D29B9 /* TravelPlan.swift in Sources */ = {isa = PBXBuildFile; fileRef = 0D5CED48276F7EB7008D29B9 /* TravelPlan.swift */; };
		0D5CED4B276F7F54008D29B9 /* FetchTravelPlansResponse.swift in Sources */ = {isa = PBXBuildFile; fileRef = 0D5CED4A276F7F54008D29B9 /* FetchTravelPlansResponse.swift */; };
		0D5CED4D276F7FB9008D29B9 /* DeleteResponse.swift in Sources */ = {isa = PBXBuildFile; fileRef = 0D5CED4C276F7FB9008D29B9 /* DeleteResponse.swift */; };
		0D5CED4F276F800F008D29B9 /* Airport.swift in Sources */ = {isa = PBXBuildFile; fileRef = 0D5CED4E276F800F008D29B9 /* Airport.swift */; };
		0D5CED51276F802B008D29B9 /* FetchAirportsResponse.swift in Sources */ = {isa = PBXBuildFile; fileRef = 0D5CED50276F802B008D29B9 /* FetchAirportsResponse.swift */; };
		0D5CED53276F808A008D29B9 /* FetchVaccinesResponse.swift in Sources */ = {isa = PBXBuildFile; fileRef = 0D5CED52276F808A008D29B9 /* FetchVaccinesResponse.swift */; };
		0D5CED55276F81A9008D29B9 /* FetchNationalitiesResponse.swift in Sources */ = {isa = PBXBuildFile; fileRef = 0D5CED54276F81A9008D29B9 /* FetchNationalitiesResponse.swift */; };
		0D5CED57276F82BB008D29B9 /* FetchRestrictionsResponse.swift in Sources */ = {isa = PBXBuildFile; fileRef = 0D5CED56276F82BB008D29B9 /* FetchRestrictionsResponse.swift */; };
		0D5D63F6278A039200673350 /* MenuState.swift in Sources */ = {isa = PBXBuildFile; fileRef = 0D5D63F4278A039200673350 /* MenuState.swift */; };
		0D5D63F7278A039200673350 /* MenuOptionsForNewUser.swift in Sources */ = {isa = PBXBuildFile; fileRef = 0D5D63F5278A039200673350 /* MenuOptionsForNewUser.swift */; };
		0D5D63FE278A044600673350 /* MenuTableViewCell.swift in Sources */ = {isa = PBXBuildFile; fileRef = 0D5D63FB278A044600673350 /* MenuTableViewCell.swift */; };
		0D5D63FF278A044600673350 /* ContainerViewController.swift in Sources */ = {isa = PBXBuildFile; fileRef = 0D5D63FC278A044600673350 /* ContainerViewController.swift */; };
		0D5D6400278A044600673350 /* MenuViewController.swift in Sources */ = {isa = PBXBuildFile; fileRef = 0D5D63FD278A044600673350 /* MenuViewController.swift */; };
		0D5D6402278A065200673350 /* FrameView.swift in Sources */ = {isa = PBXBuildFile; fileRef = 0D5D6401278A065200673350 /* FrameView.swift */; };
		0D6AAAE5278752570084D571 /* CheckResstrictionsButton.swift in Sources */ = {isa = PBXBuildFile; fileRef = 0D6AAAE4278752570084D571 /* CheckResstrictionsButton.swift */; };
		0D6AAAE8278756140084D571 /* CustomExtensions.swift in Sources */ = {isa = PBXBuildFile; fileRef = 0D6AAAE7278756140084D571 /* CustomExtensions.swift */; };
		0D7ACAC727A6E46900C4A780 /* WeatherRequest.swift in Sources */ = {isa = PBXBuildFile; fileRef = 0D7ACAC627A6E46900C4A780 /* WeatherRequest.swift */; };
		0D7ACAC927A6E57500C4A780 /* WeatherResponse.swift in Sources */ = {isa = PBXBuildFile; fileRef = 0D7ACAC827A6E57500C4A780 /* WeatherResponse.swift */; };
		0D8FEEE5278B168A0021F778 /* AuthenticationView.swift in Sources */ = {isa = PBXBuildFile; fileRef = 0D8FEEE4278B168A0021F778 /* AuthenticationView.swift */; };
		0D8FEEE9278B16DE0021F778 /* AuthenticationViewController.swift in Sources */ = {isa = PBXBuildFile; fileRef = 0D8FEEE8278B16DE0021F778 /* AuthenticationViewController.swift */; };
		0D8FEEEB278B16EF0021F778 /* AuthenticationViewModel.swift in Sources */ = {isa = PBXBuildFile; fileRef = 0D8FEEEA278B16EF0021F778 /* AuthenticationViewModel.swift */; };
		0D9268E927887AE900F362C1 /* MarqueeLabel.swift in Sources */ = {isa = PBXBuildFile; fileRef = 0D9268E827887AE900F362C1 /* MarqueeLabel.swift */; };
		0DB6929E2794194500E83368 /* DataPrettyPrint.swift in Sources */ = {isa = PBXBuildFile; fileRef = 0DB6929D2794194500E83368 /* DataPrettyPrint.swift */; };
		0DB90439277103150063436A /* FetchSelfResponse.swift in Sources */ = {isa = PBXBuildFile; fileRef = 0DB90438277103150063436A /* FetchSelfResponse.swift */; };
		0DBBAE32277CBA020078348C /* iOSDropDown.swift in Sources */ = {isa = PBXBuildFile; fileRef = 0DBBAE31277CBA020078348C /* iOSDropDown.swift */; };
		0DBBAE35277CBC3A0078348C /* MainView.swift in Sources */ = {isa = PBXBuildFile; fileRef = 0DBBAE34277CBC3A0078348C /* MainView.swift */; };
		0DD2CA1F277041130044CB1B /* DataRequest.swift in Sources */ = {isa = PBXBuildFile; fileRef = 0DD2CA1D277041130044CB1B /* DataRequest.swift */; };
		0DD2CA20277041130044CB1B /* NetworkService.swift in Sources */ = {isa = PBXBuildFile; fileRef = 0DD2CA1E277041130044CB1B /* NetworkService.swift */; };
		0DE00C8E278830A600BF9627 /* FoldingCell.swift in Sources */ = {isa = PBXBuildFile; fileRef = 0DE00C8D278830A600BF9627 /* FoldingCell.swift */; };
		0DE79046278F73A3009C9731 /* RestrictionDetailsViewModel.swift in Sources */ = {isa = PBXBuildFile; fileRef = 0DE79045278F73A3009C9731 /* RestrictionDetailsViewModel.swift */; };
		0DFDE56E27971D8000081F0C /* AirportPickerCell.swift in Sources */ = {isa = PBXBuildFile; fileRef = 0DFDE56D27971D8000081F0C /* AirportPickerCell.swift */; };
		0DFDE575279750CF00081F0C /* FlightTypes.swift in Sources */ = {isa = PBXBuildFile; fileRef = 0DFDE574279750CF00081F0C /* FlightTypes.swift */; };
		D349EFF92785F5B60049DEE6 /* DashedLineView.swift in Sources */ = {isa = PBXBuildFile; fileRef = D349EFF82785F5B60049DEE6 /* DashedLineView.swift */; };
		D349F0002785F6660049DEE6 /* RestrictionDetailsViewController.swift in Sources */ = {isa = PBXBuildFile; fileRef = D349EFFF2785F6660049DEE6 /* RestrictionDetailsViewController.swift */; };
		D349F0032785F68F0049DEE6 /* RestrictionDetailsView.swift in Sources */ = {isa = PBXBuildFile; fileRef = D349F0022785F68F0049DEE6 /* RestrictionDetailsView.swift */; };
		D390F5DD276F33C00042FF90 /* AppDelegate.swift in Sources */ = {isa = PBXBuildFile; fileRef = D390F5DC276F33C00042FF90 /* AppDelegate.swift */; };
		D390F5DF276F33C00042FF90 /* SceneDelegate.swift in Sources */ = {isa = PBXBuildFile; fileRef = D390F5DE276F33C00042FF90 /* SceneDelegate.swift */; };
		D390F5E1276F33C00042FF90 /* MainViewController.swift in Sources */ = {isa = PBXBuildFile; fileRef = D390F5E0276F33C00042FF90 /* MainViewController.swift */; };
		D390F5E7276F33C00042FF90 /* FlySafe.xcdatamodeld in Sources */ = {isa = PBXBuildFile; fileRef = D390F5E5276F33C00042FF90 /* FlySafe.xcdatamodeld */; };
		D390F5EC276F33C20042FF90 /* LaunchScreen.storyboard in Resources */ = {isa = PBXBuildFile; fileRef = D390F5EA276F33C20042FF90 /* LaunchScreen.storyboard */; };
		D390F606276F33EF0042FF90 /* AppCoordinator.swift in Sources */ = {isa = PBXBuildFile; fileRef = D390F5F5276F33EF0042FF90 /* AppCoordinator.swift */; };
		D390F607276F33EF0042FF90 /* StoryBoarded.swift in Sources */ = {isa = PBXBuildFile; fileRef = D390F5F6276F33EF0042FF90 /* StoryBoarded.swift */; };
		D390F608276F33F00042FF90 /* CoordinatorProtocol.swift in Sources */ = {isa = PBXBuildFile; fileRef = D390F5F7276F33EF0042FF90 /* CoordinatorProtocol.swift */; };
		D390F609276F33F00042FF90 /* CoordinatorDelegate.swift in Sources */ = {isa = PBXBuildFile; fileRef = D390F5F8276F33EF0042FF90 /* CoordinatorDelegate.swift */; };
		D390F60A276F33F00042FF90 /* UIImage+Extension.swift in Sources */ = {isa = PBXBuildFile; fileRef = D390F5FB276F33EF0042FF90 /* UIImage+Extension.swift */; };
		D390F60B276F33F00042FF90 /* UIColor+Extension.swift in Sources */ = {isa = PBXBuildFile; fileRef = D390F5FD276F33EF0042FF90 /* UIColor+Extension.swift */; };
		D390F60C276F33F00042FF90 /* UIView+Extension.swift in Sources */ = {isa = PBXBuildFile; fileRef = D390F5FF276F33EF0042FF90 /* UIView+Extension.swift */; };
		D390F60D276F33F00042FF90 /* UICollectionView+Extension.swift in Sources */ = {isa = PBXBuildFile; fileRef = D390F601276F33EF0042FF90 /* UICollectionView+Extension.swift */; };
		D390F60E276F33F00042FF90 /* UICollectionViewCell+Extension.swift in Sources */ = {isa = PBXBuildFile; fileRef = D390F602276F33EF0042FF90 /* UICollectionViewCell+Extension.swift */; };
		D390F60F276F33F00042FF90 /* UITableViewCell+Extension.swift in Sources */ = {isa = PBXBuildFile; fileRef = D390F604276F33EF0042FF90 /* UITableViewCell+Extension.swift */; };
		D390F610276F33F00042FF90 /* UITableView+Extension.swift in Sources */ = {isa = PBXBuildFile; fileRef = D390F605276F33EF0042FF90 /* UITableView+Extension.swift */; };
		D390F622276F34510042FF90 /* Assets.xcassets in Resources */ = {isa = PBXBuildFile; fileRef = D390F61A276F34510042FF90 /* Assets.xcassets */; };
		D390F623276F34510042FF90 /* Colors.xcassets in Resources */ = {isa = PBXBuildFile; fileRef = D390F61C276F34510042FF90 /* Colors.xcassets */; };
		D390F624276F34510042FF90 /* MyriadGEOMtavruli-Bold.otf in Resources */ = {isa = PBXBuildFile; fileRef = D390F61F276F34510042FF90 /* MyriadGEOMtavruli-Bold.otf */; };
		D390F625276F34510042FF90 /* MyriadGEOMtavruli-Regular.otf in Resources */ = {isa = PBXBuildFile; fileRef = D390F620276F34510042FF90 /* MyriadGEOMtavruli-Regular.otf */; };
		D390F626276F34510042FF90 /* MyriadGEOMtavruli-Medium.otf in Resources */ = {isa = PBXBuildFile; fileRef = D390F621276F34510042FF90 /* MyriadGEOMtavruli-Medium.otf */; };
		D390F62A276F34760042FF90 /* BaseViewController.swift in Sources */ = {isa = PBXBuildFile; fileRef = D390F629276F34760042FF90 /* BaseViewController.swift */; };
		D3AF9066278ED07800137435 /* PopOverViewController.swift in Sources */ = {isa = PBXBuildFile; fileRef = D3AF9065278ED07800137435 /* PopOverViewController.swift */; };
/* End PBXBuildFile section */

/* Begin PBXFileReference section */
		0D05BD7327902CEA00B7FEB2 /* RestrictionTableViewCell.swift */ = {isa = PBXFileReference; lastKnownFileType = sourcecode.swift; path = RestrictionTableViewCell.swift; sourceTree = "<group>"; };
		0D156C75279B3FAE009762C9 /* LocationManager.swift */ = {isa = PBXFileReference; fileEncoding = 4; lastKnownFileType = sourcecode.swift; path = LocationManager.swift; sourceTree = "<group>"; };
		0D1582A02799690D00853777 /* CustomTransitionViewController.swift */ = {isa = PBXFileReference; fileEncoding = 4; lastKnownFileType = sourcecode.swift; path = CustomTransitionViewController.swift; sourceTree = "<group>"; };
		0D1582A12799690D00853777 /* SpinerLayer.swift */ = {isa = PBXFileReference; fileEncoding = 4; lastKnownFileType = sourcecode.swift; path = SpinerLayer.swift; sourceTree = "<group>"; };
		0D1582A22799690D00853777 /* TransitionButton.swift */ = {isa = PBXFileReference; fileEncoding = 4; lastKnownFileType = sourcecode.swift; path = TransitionButton.swift; sourceTree = "<group>"; };
		0D1582A32799690D00853777 /* FadeTransition.swift */ = {isa = PBXFileReference; fileEncoding = 4; lastKnownFileType = sourcecode.swift; path = FadeTransition.swift; sourceTree = "<group>"; };
		0D1582A42799690D00853777 /* CGRectExtension.swift */ = {isa = PBXFileReference; fileEncoding = 4; lastKnownFileType = sourcecode.swift; path = CGRectExtension.swift; sourceTree = "<group>"; };
		0D1AD7AE2781C8510063DE71 /* HomeTVTopCell.swift */ = {isa = PBXFileReference; lastKnownFileType = sourcecode.swift; path = HomeTVTopCell.swift; sourceTree = "<group>"; };
		0D1AD7B02781CA510063DE71 /* HomeTVBottomCell.swift */ = {isa = PBXFileReference; lastKnownFileType = sourcecode.swift; path = HomeTVBottomCell.swift; sourceTree = "<group>"; };
		0D1AD7B22781CA940063DE71 /* MainViewModel.swift */ = {isa = PBXFileReference; lastKnownFileType = sourcecode.swift; name = MainViewModel.swift; path = FlySafe/Scenes/Main/ViewModel/MainViewModel.swift; sourceTree = SOURCE_ROOT; };
		0D2C10C927707C2900B0AC93 /* AuthRequest.swift */ = {isa = PBXFileReference; lastKnownFileType = sourcecode.swift; path = AuthRequest.swift; sourceTree = "<group>"; };
		0D2C10CC277096A000B0AC93 /* Loopable.swift */ = {isa = PBXFileReference; lastKnownFileType = sourcecode.swift; path = Loopable.swift; sourceTree = "<group>"; };
		0D2C10CE27709E9100B0AC93 /* SelfRequest.swift */ = {isa = PBXFileReference; lastKnownFileType = sourcecode.swift; path = SelfRequest.swift; sourceTree = "<group>"; };
		0D2C10D02770A29C00B0AC93 /* FetchTravelPlansRequest.swift */ = {isa = PBXFileReference; lastKnownFileType = sourcecode.swift; path = FetchTravelPlansRequest.swift; sourceTree = "<group>"; };
		0D2C10D42770A61C00B0AC93 /* AddTravelPlanRequest.swift */ = {isa = PBXFileReference; lastKnownFileType = sourcecode.swift; path = AddTravelPlanRequest.swift; sourceTree = "<group>"; };
		0D2C10D82770AD1700B0AC93 /* EditTravelPlanRequest.swift */ = {isa = PBXFileReference; lastKnownFileType = sourcecode.swift; path = EditTravelPlanRequest.swift; sourceTree = "<group>"; };
		0D2C10DA2770B14D00B0AC93 /* DeleteTravelPlanRequest.swift */ = {isa = PBXFileReference; lastKnownFileType = sourcecode.swift; path = DeleteTravelPlanRequest.swift; sourceTree = "<group>"; };
		0D2C10DC2770B52000B0AC93 /* FetchAirportsRequest.swift */ = {isa = PBXFileReference; lastKnownFileType = sourcecode.swift; path = FetchAirportsRequest.swift; sourceTree = "<group>"; };
		0D2C10DE2770B5D600B0AC93 /* FetchVaccinesRequest.swift */ = {isa = PBXFileReference; lastKnownFileType = sourcecode.swift; path = FetchVaccinesRequest.swift; sourceTree = "<group>"; };
		0D2C10E02770B6AA00B0AC93 /* FetchNationalitiesRequest.swift */ = {isa = PBXFileReference; lastKnownFileType = sourcecode.swift; path = FetchNationalitiesRequest.swift; sourceTree = "<group>"; };
		0D2C10E22770B73E00B0AC93 /* FetchRestrictionsRequest.swift */ = {isa = PBXFileReference; lastKnownFileType = sourcecode.swift; path = FetchRestrictionsRequest.swift; sourceTree = "<group>"; };
		0D2EF04B277DA50F00FE4E1B /* Constants.swift */ = {isa = PBXFileReference; lastKnownFileType = sourcecode.swift; path = Constants.swift; sourceTree = "<group>"; };
		0D5394712789F1EA00B94B8A /* SummaryListTitleCell.swift */ = {isa = PBXFileReference; lastKnownFileType = sourcecode.swift; path = SummaryListTitleCell.swift; sourceTree = "<group>"; };
		0D5B34ED27705F8E00148518 /* APIManager.swift */ = {isa = PBXFileReference; lastKnownFileType = sourcecode.swift; name = APIManager.swift; path = Network/APIManager.swift; sourceTree = SOURCE_ROOT; };
		0D5BE44E2784BB5A00EFBF71 /* BezierPathSuperpowers.swift */ = {isa = PBXFileReference; lastKnownFileType = sourcecode.swift; path = BezierPathSuperpowers.swift; sourceTree = "<group>"; };
		0D5CED41276F7691008D29B9 /* User.swift */ = {isa = PBXFileReference; lastKnownFileType = sourcecode.swift; path = User.swift; sourceTree = "<group>"; };
		0D5CED44276F7D78008D29B9 /* AddTravelPlanResponse.swift */ = {isa = PBXFileReference; lastKnownFileType = sourcecode.swift; path = AddTravelPlanResponse.swift; sourceTree = "<group>"; };
		0D5CED46276F7E7E008D29B9 /* AuthResponse.swift */ = {isa = PBXFileReference; lastKnownFileType = sourcecode.swift; path = AuthResponse.swift; sourceTree = "<group>"; };
		0D5CED48276F7EB7008D29B9 /* TravelPlan.swift */ = {isa = PBXFileReference; lastKnownFileType = sourcecode.swift; path = TravelPlan.swift; sourceTree = "<group>"; };
		0D5CED4A276F7F54008D29B9 /* FetchTravelPlansResponse.swift */ = {isa = PBXFileReference; lastKnownFileType = sourcecode.swift; path = FetchTravelPlansResponse.swift; sourceTree = "<group>"; };
		0D5CED4C276F7FB9008D29B9 /* DeleteResponse.swift */ = {isa = PBXFileReference; lastKnownFileType = sourcecode.swift; path = DeleteResponse.swift; sourceTree = "<group>"; };
		0D5CED4E276F800F008D29B9 /* Airport.swift */ = {isa = PBXFileReference; lastKnownFileType = sourcecode.swift; path = Airport.swift; sourceTree = "<group>"; };
		0D5CED50276F802B008D29B9 /* FetchAirportsResponse.swift */ = {isa = PBXFileReference; lastKnownFileType = sourcecode.swift; path = FetchAirportsResponse.swift; sourceTree = "<group>"; };
		0D5CED52276F808A008D29B9 /* FetchVaccinesResponse.swift */ = {isa = PBXFileReference; lastKnownFileType = sourcecode.swift; path = FetchVaccinesResponse.swift; sourceTree = "<group>"; };
		0D5CED54276F81A9008D29B9 /* FetchNationalitiesResponse.swift */ = {isa = PBXFileReference; lastKnownFileType = sourcecode.swift; path = FetchNationalitiesResponse.swift; sourceTree = "<group>"; };
		0D5CED56276F82BB008D29B9 /* FetchRestrictionsResponse.swift */ = {isa = PBXFileReference; lastKnownFileType = sourcecode.swift; path = FetchRestrictionsResponse.swift; sourceTree = "<group>"; };
		0D5D63F4278A039200673350 /* MenuState.swift */ = {isa = PBXFileReference; fileEncoding = 4; lastKnownFileType = sourcecode.swift; path = MenuState.swift; sourceTree = "<group>"; };
		0D5D63F5278A039200673350 /* MenuOptionsForNewUser.swift */ = {isa = PBXFileReference; fileEncoding = 4; lastKnownFileType = sourcecode.swift; path = MenuOptionsForNewUser.swift; sourceTree = "<group>"; };
		0D5D63FB278A044600673350 /* MenuTableViewCell.swift */ = {isa = PBXFileReference; fileEncoding = 4; lastKnownFileType = sourcecode.swift; path = MenuTableViewCell.swift; sourceTree = "<group>"; };
		0D5D63FC278A044600673350 /* ContainerViewController.swift */ = {isa = PBXFileReference; fileEncoding = 4; lastKnownFileType = sourcecode.swift; path = ContainerViewController.swift; sourceTree = "<group>"; };
		0D5D63FD278A044600673350 /* MenuViewController.swift */ = {isa = PBXFileReference; fileEncoding = 4; lastKnownFileType = sourcecode.swift; path = MenuViewController.swift; sourceTree = "<group>"; };
		0D5D6401278A065200673350 /* FrameView.swift */ = {isa = PBXFileReference; fileEncoding = 4; lastKnownFileType = sourcecode.swift; path = FrameView.swift; sourceTree = "<group>"; };
		0D6AAAE4278752570084D571 /* CheckResstrictionsButton.swift */ = {isa = PBXFileReference; lastKnownFileType = sourcecode.swift; path = CheckResstrictionsButton.swift; sourceTree = "<group>"; };
		0D6AAAE7278756140084D571 /* CustomExtensions.swift */ = {isa = PBXFileReference; fileEncoding = 4; lastKnownFileType = sourcecode.swift; path = CustomExtensions.swift; sourceTree = "<group>"; };
		0D7ACAC627A6E46900C4A780 /* WeatherRequest.swift */ = {isa = PBXFileReference; lastKnownFileType = sourcecode.swift; path = WeatherRequest.swift; sourceTree = "<group>"; };
		0D7ACAC827A6E57500C4A780 /* WeatherResponse.swift */ = {isa = PBXFileReference; lastKnownFileType = sourcecode.swift; path = WeatherResponse.swift; sourceTree = "<group>"; };
		0D8FEEE4278B168A0021F778 /* AuthenticationView.swift */ = {isa = PBXFileReference; lastKnownFileType = sourcecode.swift; path = AuthenticationView.swift; sourceTree = "<group>"; };
		0D8FEEE8278B16DE0021F778 /* AuthenticationViewController.swift */ = {isa = PBXFileReference; lastKnownFileType = sourcecode.swift; path = AuthenticationViewController.swift; sourceTree = "<group>"; };
		0D8FEEEA278B16EF0021F778 /* AuthenticationViewModel.swift */ = {isa = PBXFileReference; lastKnownFileType = sourcecode.swift; path = AuthenticationViewModel.swift; sourceTree = "<group>"; };
		0D9268E827887AE900F362C1 /* MarqueeLabel.swift */ = {isa = PBXFileReference; lastKnownFileType = sourcecode.swift; path = MarqueeLabel.swift; sourceTree = "<group>"; };
		0DB6929D2794194500E83368 /* DataPrettyPrint.swift */ = {isa = PBXFileReference; lastKnownFileType = sourcecode.swift; path = DataPrettyPrint.swift; sourceTree = "<group>"; };
		0DB90438277103150063436A /* FetchSelfResponse.swift */ = {isa = PBXFileReference; lastKnownFileType = sourcecode.swift; path = FetchSelfResponse.swift; sourceTree = "<group>"; };
		0DBBAE31277CBA020078348C /* iOSDropDown.swift */ = {isa = PBXFileReference; lastKnownFileType = sourcecode.swift; path = iOSDropDown.swift; sourceTree = "<group>"; };
		0DBBAE34277CBC3A0078348C /* MainView.swift */ = {isa = PBXFileReference; lastKnownFileType = sourcecode.swift; path = MainView.swift; sourceTree = "<group>"; };
		0DD2CA1D277041130044CB1B /* DataRequest.swift */ = {isa = PBXFileReference; fileEncoding = 4; lastKnownFileType = sourcecode.swift; name = DataRequest.swift; path = Network/DataRequest.swift; sourceTree = SOURCE_ROOT; };
		0DD2CA1E277041130044CB1B /* NetworkService.swift */ = {isa = PBXFileReference; fileEncoding = 4; lastKnownFileType = sourcecode.swift; name = NetworkService.swift; path = Network/NetworkService.swift; sourceTree = SOURCE_ROOT; };
		0DE00C8D278830A600BF9627 /* FoldingCell.swift */ = {isa = PBXFileReference; fileEncoding = 4; lastKnownFileType = sourcecode.swift; path = FoldingCell.swift; sourceTree = "<group>"; };
		0DE79045278F73A3009C9731 /* RestrictionDetailsViewModel.swift */ = {isa = PBXFileReference; lastKnownFileType = sourcecode.swift; path = RestrictionDetailsViewModel.swift; sourceTree = "<group>"; };
		0DF1EF9D2792951000DCAC99 /* FlySafe.app */ = {isa = PBXFileReference; explicitFileType = wrapper.application; includeInIndex = 0; path = FlySafe.app; sourceTree = BUILT_PRODUCTS_DIR; };
		0DFDE56D27971D8000081F0C /* AirportPickerCell.swift */ = {isa = PBXFileReference; fileEncoding = 4; lastKnownFileType = sourcecode.swift; path = AirportPickerCell.swift; sourceTree = "<group>"; };
		0DFDE574279750CF00081F0C /* FlightTypes.swift */ = {isa = PBXFileReference; lastKnownFileType = sourcecode.swift; path = FlightTypes.swift; sourceTree = "<group>"; };
		D349EFF82785F5B60049DEE6 /* DashedLineView.swift */ = {isa = PBXFileReference; lastKnownFileType = sourcecode.swift; path = DashedLineView.swift; sourceTree = "<group>"; };
		D349EFFF2785F6660049DEE6 /* RestrictionDetailsViewController.swift */ = {isa = PBXFileReference; lastKnownFileType = sourcecode.swift; path = RestrictionDetailsViewController.swift; sourceTree = "<group>"; };
		D349F0022785F68F0049DEE6 /* RestrictionDetailsView.swift */ = {isa = PBXFileReference; lastKnownFileType = sourcecode.swift; path = RestrictionDetailsView.swift; sourceTree = "<group>"; };
		D390F5DC276F33C00042FF90 /* AppDelegate.swift */ = {isa = PBXFileReference; lastKnownFileType = sourcecode.swift; path = AppDelegate.swift; sourceTree = "<group>"; };
		D390F5DE276F33C00042FF90 /* SceneDelegate.swift */ = {isa = PBXFileReference; lastKnownFileType = sourcecode.swift; path = SceneDelegate.swift; sourceTree = "<group>"; };
		D390F5E0276F33C00042FF90 /* MainViewController.swift */ = {isa = PBXFileReference; lastKnownFileType = sourcecode.swift; path = MainViewController.swift; sourceTree = "<group>"; };
		D390F5E6276F33C00042FF90 /* FlySafe.xcdatamodel */ = {isa = PBXFileReference; lastKnownFileType = wrapper.xcdatamodel; path = FlySafe.xcdatamodel; sourceTree = "<group>"; };
		D390F5EB276F33C20042FF90 /* Base */ = {isa = PBXFileReference; lastKnownFileType = file.storyboard; name = Base; path = Base.lproj/LaunchScreen.storyboard; sourceTree = "<group>"; };
		D390F5ED276F33C20042FF90 /* Info.plist */ = {isa = PBXFileReference; lastKnownFileType = text.plist.xml; path = Info.plist; sourceTree = "<group>"; };
		D390F5F5276F33EF0042FF90 /* AppCoordinator.swift */ = {isa = PBXFileReference; fileEncoding = 4; lastKnownFileType = sourcecode.swift; path = AppCoordinator.swift; sourceTree = "<group>"; };
		D390F5F6276F33EF0042FF90 /* StoryBoarded.swift */ = {isa = PBXFileReference; fileEncoding = 4; lastKnownFileType = sourcecode.swift; path = StoryBoarded.swift; sourceTree = "<group>"; };
		D390F5F7276F33EF0042FF90 /* CoordinatorProtocol.swift */ = {isa = PBXFileReference; fileEncoding = 4; lastKnownFileType = sourcecode.swift; path = CoordinatorProtocol.swift; sourceTree = "<group>"; };
		D390F5F8276F33EF0042FF90 /* CoordinatorDelegate.swift */ = {isa = PBXFileReference; fileEncoding = 4; lastKnownFileType = sourcecode.swift; path = CoordinatorDelegate.swift; sourceTree = "<group>"; };
		D390F5FB276F33EF0042FF90 /* UIImage+Extension.swift */ = {isa = PBXFileReference; fileEncoding = 4; lastKnownFileType = sourcecode.swift; path = "UIImage+Extension.swift"; sourceTree = "<group>"; };
		D390F5FD276F33EF0042FF90 /* UIColor+Extension.swift */ = {isa = PBXFileReference; fileEncoding = 4; lastKnownFileType = sourcecode.swift; path = "UIColor+Extension.swift"; sourceTree = "<group>"; };
		D390F5FF276F33EF0042FF90 /* UIView+Extension.swift */ = {isa = PBXFileReference; fileEncoding = 4; lastKnownFileType = sourcecode.swift; path = "UIView+Extension.swift"; sourceTree = "<group>"; };
		D390F601276F33EF0042FF90 /* UICollectionView+Extension.swift */ = {isa = PBXFileReference; fileEncoding = 4; lastKnownFileType = sourcecode.swift; path = "UICollectionView+Extension.swift"; sourceTree = "<group>"; };
		D390F602276F33EF0042FF90 /* UICollectionViewCell+Extension.swift */ = {isa = PBXFileReference; fileEncoding = 4; lastKnownFileType = sourcecode.swift; path = "UICollectionViewCell+Extension.swift"; sourceTree = "<group>"; };
		D390F604276F33EF0042FF90 /* UITableViewCell+Extension.swift */ = {isa = PBXFileReference; fileEncoding = 4; lastKnownFileType = sourcecode.swift; path = "UITableViewCell+Extension.swift"; sourceTree = "<group>"; };
		D390F605276F33EF0042FF90 /* UITableView+Extension.swift */ = {isa = PBXFileReference; fileEncoding = 4; lastKnownFileType = sourcecode.swift; path = "UITableView+Extension.swift"; sourceTree = "<group>"; };
		D390F61A276F34510042FF90 /* Assets.xcassets */ = {isa = PBXFileReference; lastKnownFileType = folder.assetcatalog; path = Assets.xcassets; sourceTree = "<group>"; };
		D390F61C276F34510042FF90 /* Colors.xcassets */ = {isa = PBXFileReference; lastKnownFileType = folder.assetcatalog; path = Colors.xcassets; sourceTree = "<group>"; };
		D390F61F276F34510042FF90 /* MyriadGEOMtavruli-Bold.otf */ = {isa = PBXFileReference; lastKnownFileType = file; path = "MyriadGEOMtavruli-Bold.otf"; sourceTree = "<group>"; };
		D390F620276F34510042FF90 /* MyriadGEOMtavruli-Regular.otf */ = {isa = PBXFileReference; lastKnownFileType = file; path = "MyriadGEOMtavruli-Regular.otf"; sourceTree = "<group>"; };
		D390F621276F34510042FF90 /* MyriadGEOMtavruli-Medium.otf */ = {isa = PBXFileReference; lastKnownFileType = file; path = "MyriadGEOMtavruli-Medium.otf"; sourceTree = "<group>"; };
		D390F629276F34760042FF90 /* BaseViewController.swift */ = {isa = PBXFileReference; fileEncoding = 4; lastKnownFileType = sourcecode.swift; path = BaseViewController.swift; sourceTree = "<group>"; };
		D3AF9065278ED07800137435 /* PopOverViewController.swift */ = {isa = PBXFileReference; lastKnownFileType = sourcecode.swift; path = PopOverViewController.swift; sourceTree = "<group>"; };
/* End PBXFileReference section */

/* Begin PBXFrameworksBuildPhase section */
		D390F5D6276F33C00042FF90 /* Frameworks */ = {
			isa = PBXFrameworksBuildPhase;
			buildActionMask = 2147483647;
			files = (
			);
			runOnlyForDeploymentPostprocessing = 0;
		};
/* End PBXFrameworksBuildPhase section */

/* Begin PBXGroup section */
		0D156C74279B3FA5009762C9 /* Location */ = {
			isa = PBXGroup;
			children = (
				0D156C75279B3FAE009762C9 /* LocationManager.swift */,
			);
			name = Location;
			path = FlySafe/Managers/Location;
			sourceTree = "<group>";
		};
		0D15829F2799690D00853777 /* TransitionButton */ = {
			isa = PBXGroup;
			children = (
				0D1582A02799690D00853777 /* CustomTransitionViewController.swift */,
				0D1582A12799690D00853777 /* SpinerLayer.swift */,
				0D1582A22799690D00853777 /* TransitionButton.swift */,
				0D1582A32799690D00853777 /* FadeTransition.swift */,
				0D1582A42799690D00853777 /* CGRectExtension.swift */,
			);
			path = TransitionButton;
			sourceTree = "<group>";
		};
		0D1AD7AD2781C7F70063DE71 /* TableViewCells */ = {
			isa = PBXGroup;
			children = (
				0D1AD7AE2781C8510063DE71 /* HomeTVTopCell.swift */,
				0D1AD7B02781CA510063DE71 /* HomeTVBottomCell.swift */,
				0D6AAAE4278752570084D571 /* CheckResstrictionsButton.swift */,
				0D5394712789F1EA00B94B8A /* SummaryListTitleCell.swift */,
				0DFDE56D27971D8000081F0C /* AirportPickerCell.swift */,
			);
			path = TableViewCells;
			sourceTree = "<group>";
		};
		0D2C10CB2770967400B0AC93 /* Loopable */ = {
			isa = PBXGroup;
			children = (
				0D2C10CC277096A000B0AC93 /* Loopable.swift */,
			);
			path = Loopable;
			sourceTree = "<group>";
		};
		0D2EF04A277DA50100FE4E1B /* Constants */ = {
			isa = PBXGroup;
			children = (
				0D2EF04B277DA50F00FE4E1B /* Constants.swift */,
			);
			path = Constants;
			sourceTree = "<group>";
		};
		0D5B34EF2770695C00148518 /* RequestStructs */ = {
			isa = PBXGroup;
			children = (
				0D2C10C927707C2900B0AC93 /* AuthRequest.swift */,
				0D2C10E02770B6AA00B0AC93 /* FetchNationalitiesRequest.swift */,
				0D2C10CE27709E9100B0AC93 /* SelfRequest.swift */,
				0D2C10D02770A29C00B0AC93 /* FetchTravelPlansRequest.swift */,
				0D2C10D42770A61C00B0AC93 /* AddTravelPlanRequest.swift */,
				0D2C10D82770AD1700B0AC93 /* EditTravelPlanRequest.swift */,
				0D2C10DA2770B14D00B0AC93 /* DeleteTravelPlanRequest.swift */,
				0D2C10DC2770B52000B0AC93 /* FetchAirportsRequest.swift */,
				0D2C10DE2770B5D600B0AC93 /* FetchVaccinesRequest.swift */,
				0D2C10E22770B73E00B0AC93 /* FetchRestrictionsRequest.swift */,
				0DFDE574279750CF00081F0C /* FlightTypes.swift */,
				0D7ACAC627A6E46900C4A780 /* WeatherRequest.swift */,
			);
			path = RequestStructs;
			sourceTree = "<group>";
		};
		0D5BE44D2784BB0C00EFBF71 /* BezierPathSuperpowers */ = {
			isa = PBXGroup;
			children = (
				0D5BE44E2784BB5A00EFBF71 /* BezierPathSuperpowers.swift */,
			);
			path = BezierPathSuperpowers;
			sourceTree = "<group>";
		};
		0D5CED38276F430E008D29B9 /* Managers */ = {
			isa = PBXGroup;
			children = (
				0D156C74279B3FA5009762C9 /* Location */,
				D390F614276F34210042FF90 /* CoreData */,
				0D5CED39276F433D008D29B9 /* Network */,
			);
			path = Managers;
			sourceTree = "<group>";
		};
		0D5CED39276F433D008D29B9 /* Network */ = {
			isa = PBXGroup;
			children = (
				0DD2CA1D277041130044CB1B /* DataRequest.swift */,
				0DD2CA1E277041130044CB1B /* NetworkService.swift */,
				0D5B34ED27705F8E00148518 /* APIManager.swift */,
			);
			path = Network;
			sourceTree = "<group>";
		};
		0D5CED40276F7680008D29B9 /* API */ = {
			isa = PBXGroup;
			children = (
				0DB904372770DEC70063436A /* ResponseStructs */,
				0D5B34EF2770695C00148518 /* RequestStructs */,
			);
			path = API;
			sourceTree = "<group>";
		};
		0D5D63F3278A039200673350 /* CustomTypes */ = {
			isa = PBXGroup;
			children = (
				0D5D63F4278A039200673350 /* MenuState.swift */,
				0D5D63F5278A039200673350 /* MenuOptionsForNewUser.swift */,
			);
			path = CustomTypes;
			sourceTree = "<group>";
		};
		0D5D63F8278A044600673350 /* SideMenu */ = {
			isa = PBXGroup;
			children = (
				0D5D63F9278A044600673350 /* VC */,
			);
			path = SideMenu;
			sourceTree = "<group>";
		};
		0D5D63F9278A044600673350 /* VC */ = {
			isa = PBXGroup;
			children = (
				0D5D63FA278A044600673350 /* TableViewCells */,
				0D5D63FC278A044600673350 /* ContainerViewController.swift */,
				0D5D63FD278A044600673350 /* MenuViewController.swift */,
			);
			path = VC;
			sourceTree = "<group>";
		};
		0D5D63FA278A044600673350 /* TableViewCells */ = {
			isa = PBXGroup;
			children = (
				0D5D63FB278A044600673350 /* MenuTableViewCell.swift */,
			);
			path = TableViewCells;
			sourceTree = "<group>";
		};
		0D6AAAE6278755F90084D571 /* HideKeyboard */ = {
			isa = PBXGroup;
			children = (
				0D6AAAE7278756140084D571 /* CustomExtensions.swift */,
			);
			path = HideKeyboard;
			sourceTree = "<group>";
		};
		0D8FEEDC278B160B0021F778 /* Authentication */ = {
			isa = PBXGroup;
			children = (
				0D8FEEE1278B16640021F778 /* ViewModel */,
				0D8FEEE2278B16640021F778 /* VC */,
				0D8FEEE3278B16640021F778 /* View */,
			);
			path = Authentication;
			sourceTree = "<group>";
		};
		0D8FEEE1278B16640021F778 /* ViewModel */ = {
			isa = PBXGroup;
			children = (
				0D8FEEEA278B16EF0021F778 /* AuthenticationViewModel.swift */,
			);
			path = ViewModel;
			sourceTree = "<group>";
		};
		0D8FEEE2278B16640021F778 /* VC */ = {
			isa = PBXGroup;
			children = (
				0D8FEEE8278B16DE0021F778 /* AuthenticationViewController.swift */,
			);
			path = VC;
			sourceTree = "<group>";
		};
		0D8FEEE3278B16640021F778 /* View */ = {
			isa = PBXGroup;
			children = (
				0D8FEEE4278B168A0021F778 /* AuthenticationView.swift */,
			);
			path = View;
			sourceTree = "<group>";
		};
		0D9268E727887ADC00F362C1 /* MarqueeLabel */ = {
			isa = PBXGroup;
			children = (
				0D9268E827887AE900F362C1 /* MarqueeLabel.swift */,
			);
			path = MarqueeLabel;
			sourceTree = "<group>";
		};
		0DB6929C2794192E00E83368 /* Data */ = {
			isa = PBXGroup;
			children = (
				0DB6929D2794194500E83368 /* DataPrettyPrint.swift */,
			);
			path = Data;
			sourceTree = "<group>";
		};
		0DB904372770DEC70063436A /* ResponseStructs */ = {
			isa = PBXGroup;
			children = (
				0D5CED41276F7691008D29B9 /* User.swift */,
				0D5CED44276F7D78008D29B9 /* AddTravelPlanResponse.swift */,
				0D5CED46276F7E7E008D29B9 /* AuthResponse.swift */,
				0D5CED48276F7EB7008D29B9 /* TravelPlan.swift */,
				0D5CED4A276F7F54008D29B9 /* FetchTravelPlansResponse.swift */,
				0D5CED4C276F7FB9008D29B9 /* DeleteResponse.swift */,
				0D5CED4E276F800F008D29B9 /* Airport.swift */,
				0D5CED50276F802B008D29B9 /* FetchAirportsResponse.swift */,
				0D5CED52276F808A008D29B9 /* FetchVaccinesResponse.swift */,
				0D5CED54276F81A9008D29B9 /* FetchNationalitiesResponse.swift */,
				0D5CED56276F82BB008D29B9 /* FetchRestrictionsResponse.swift */,
				0DB90438277103150063436A /* FetchSelfResponse.swift */,
				0D7ACAC827A6E57500C4A780 /* WeatherResponse.swift */,
			);
			path = ResponseStructs;
			sourceTree = "<group>";
		};
		0DBBAE30277CB9E60078348C /* DropDown */ = {
			isa = PBXGroup;
			children = (
				0DBBAE31277CBA020078348C /* iOSDropDown.swift */,
			);
			path = DropDown;
			sourceTree = "<group>";
		};
		0DBBAE33277CBBFC0078348C /* VC */ = {
			isa = PBXGroup;
			children = (
				D390F5E0276F33C00042FF90 /* MainViewController.swift */,
			);
			path = VC;
			sourceTree = "<group>";
		};
		0DE00C8C2788301B00BF9627 /* FoldingCell */ = {
			isa = PBXGroup;
			children = (
				0DE00C8D278830A600BF9627 /* FoldingCell.swift */,
			);
			path = FoldingCell;
			sourceTree = "<group>";
		};
		0DE79044278F7381009C9731 /* ViewModel */ = {
			isa = PBXGroup;
			children = (
				0DE79045278F73A3009C9731 /* RestrictionDetailsViewModel.swift */,
			);
			path = ViewModel;
			sourceTree = "<group>";
		};
		D349EFF72785F59F0049DEE6 /* CustomUIComponents */ = {
			isa = PBXGroup;
			children = (
				D349EFF82785F5B60049DEE6 /* DashedLineView.swift */,
			);
			path = CustomUIComponents;
			sourceTree = "<group>";
		};
		D349EFFA2785F5E60049DEE6 /* RestrictionDetails */ = {
			isa = PBXGroup;
			children = (
				0DE79044278F7381009C9731 /* ViewModel */,
				D349EFFB2785F6170049DEE6 /* TableViewCells */,
				D349EFFE2785F6550049DEE6 /* VC */,
				D349F0012785F6870049DEE6 /* View */,
			);
			path = RestrictionDetails;
			sourceTree = "<group>";
		};
		D349EFFB2785F6170049DEE6 /* TableViewCells */ = {
			isa = PBXGroup;
			children = (
				0D05BD7327902CEA00B7FEB2 /* RestrictionTableViewCell.swift */,
			);
			path = TableViewCells;
			sourceTree = "<group>";
		};
		D349EFFE2785F6550049DEE6 /* VC */ = {
			isa = PBXGroup;
			children = (
				D349EFFF2785F6660049DEE6 /* RestrictionDetailsViewController.swift */,
			);
			path = VC;
			sourceTree = "<group>";
		};
		D349F0012785F6870049DEE6 /* View */ = {
			isa = PBXGroup;
			children = (
				D349F0022785F68F0049DEE6 /* RestrictionDetailsView.swift */,
				0D5D6401278A065200673350 /* FrameView.swift */,
			);
			path = View;
			sourceTree = "<group>";
		};
		D390F5D0276F33C00042FF90 = {
			isa = PBXGroup;
			children = (
				D390F5DB276F33C00042FF90 /* FlySafe */,
				0DF1EF9D2792951000DCAC99 /* FlySafe.app */,
			);
			sourceTree = "<group>";
		};
		D390F5DB276F33C00042FF90 /* FlySafe */ = {
			isa = PBXGroup;
			children = (
				D390F5F3276F33EF0042FF90 /* Core */,
				D390F615276F34310042FF90 /* Models */,
				0D5CED38276F430E008D29B9 /* Managers */,
				D390F618276F34510042FF90 /* Resources */,
				D390F62F276F34F70042FF90 /* SupportingFiles */,
				D390F627276F346C0042FF90 /* Scenes */,
			);
			path = FlySafe;
			sourceTree = "<group>";
		};
		D390F5F3276F33EF0042FF90 /* Core */ = {
			isa = PBXGroup;
			children = (
				D390F5F4276F33EF0042FF90 /* Coordinator */,
				D349EFF72785F59F0049DEE6 /* CustomUIComponents */,
				D390F5F9276F33EF0042FF90 /* Extensions */,
				D390F611276F33FB0042FF90 /* Utilities */,
			);
			path = Core;
			sourceTree = "<group>";
		};
		D390F5F4276F33EF0042FF90 /* Coordinator */ = {
			isa = PBXGroup;
			children = (
				D390F5F5276F33EF0042FF90 /* AppCoordinator.swift */,
				D390F5F6276F33EF0042FF90 /* StoryBoarded.swift */,
				D390F5F7276F33EF0042FF90 /* CoordinatorProtocol.swift */,
				D390F5F8276F33EF0042FF90 /* CoordinatorDelegate.swift */,
			);
			path = Coordinator;
			sourceTree = "<group>";
		};
		D390F5F9276F33EF0042FF90 /* Extensions */ = {
			isa = PBXGroup;
			children = (
				0DB6929C2794192E00E83368 /* Data */,
				0D6AAAE6278755F90084D571 /* HideKeyboard */,
				0D2C10CB2770967400B0AC93 /* Loopable */,
				D390F5FA276F33EF0042FF90 /* UIImage */,
				D390F5FC276F33EF0042FF90 /* UIColor */,
				D390F5FE276F33EF0042FF90 /* UIView */,
				D390F600276F33EF0042FF90 /* UICollectionView */,
				D390F603276F33EF0042FF90 /* UITableView */,
			);
			path = Extensions;
			sourceTree = "<group>";
		};
		D390F5FA276F33EF0042FF90 /* UIImage */ = {
			isa = PBXGroup;
			children = (
				D390F5FB276F33EF0042FF90 /* UIImage+Extension.swift */,
			);
			path = UIImage;
			sourceTree = "<group>";
		};
		D390F5FC276F33EF0042FF90 /* UIColor */ = {
			isa = PBXGroup;
			children = (
				D390F5FD276F33EF0042FF90 /* UIColor+Extension.swift */,
			);
			path = UIColor;
			sourceTree = "<group>";
		};
		D390F5FE276F33EF0042FF90 /* UIView */ = {
			isa = PBXGroup;
			children = (
				D390F5FF276F33EF0042FF90 /* UIView+Extension.swift */,
			);
			path = UIView;
			sourceTree = "<group>";
		};
		D390F600276F33EF0042FF90 /* UICollectionView */ = {
			isa = PBXGroup;
			children = (
				D390F601276F33EF0042FF90 /* UICollectionView+Extension.swift */,
				D390F602276F33EF0042FF90 /* UICollectionViewCell+Extension.swift */,
			);
			path = UICollectionView;
			sourceTree = "<group>";
		};
		D390F603276F33EF0042FF90 /* UITableView */ = {
			isa = PBXGroup;
			children = (
				D390F604276F33EF0042FF90 /* UITableViewCell+Extension.swift */,
				D390F605276F33EF0042FF90 /* UITableView+Extension.swift */,
			);
			path = UITableView;
			sourceTree = "<group>";
		};
		D390F611276F33FB0042FF90 /* Utilities */ = {
			isa = PBXGroup;
			children = (
				0D15829F2799690D00853777 /* TransitionButton */,
				0D5D63F3278A039200673350 /* CustomTypes */,
				0D9268E727887ADC00F362C1 /* MarqueeLabel */,
				0DE00C8C2788301B00BF9627 /* FoldingCell */,
				0D5BE44D2784BB0C00EFBF71 /* BezierPathSuperpowers */,
				0DBBAE30277CB9E60078348C /* DropDown */,
			);
			path = Utilities;
			sourceTree = "<group>";
		};
		D390F614276F34210042FF90 /* CoreData */ = {
			isa = PBXGroup;
			children = (
			);
			path = CoreData;
			sourceTree = "<group>";
		};
		D390F615276F34310042FF90 /* Models */ = {
			isa = PBXGroup;
			children = (
				0D5CED40276F7680008D29B9 /* API */,
				D390F617276F343D0042FF90 /* CoreData */,
			);
			path = Models;
			sourceTree = "<group>";
		};
		D390F617276F343D0042FF90 /* CoreData */ = {
			isa = PBXGroup;
			children = (
				D390F5E5276F33C00042FF90 /* FlySafe.xcdatamodeld */,
			);
			path = CoreData;
			sourceTree = "<group>";
		};
		D390F618276F34510042FF90 /* Resources */ = {
			isa = PBXGroup;
			children = (
				0D2EF04A277DA50100FE4E1B /* Constants */,
				D390F619276F34510042FF90 /* Images */,
				D390F61B276F34510042FF90 /* Colors */,
				D390F61D276F34510042FF90 /* Fonts */,
			);
			path = Resources;
			sourceTree = "<group>";
		};
		D390F619276F34510042FF90 /* Images */ = {
			isa = PBXGroup;
			children = (
				D390F61A276F34510042FF90 /* Assets.xcassets */,
			);
			path = Images;
			sourceTree = "<group>";
		};
		D390F61B276F34510042FF90 /* Colors */ = {
			isa = PBXGroup;
			children = (
				D390F61C276F34510042FF90 /* Colors.xcassets */,
			);
			path = Colors;
			sourceTree = "<group>";
		};
		D390F61D276F34510042FF90 /* Fonts */ = {
			isa = PBXGroup;
			children = (
				D390F61E276F34510042FF90 /* Myriad Family */,
			);
			path = Fonts;
			sourceTree = "<group>";
		};
		D390F61E276F34510042FF90 /* Myriad Family */ = {
			isa = PBXGroup;
			children = (
				D390F61F276F34510042FF90 /* MyriadGEOMtavruli-Bold.otf */,
				D390F620276F34510042FF90 /* MyriadGEOMtavruli-Regular.otf */,
				D390F621276F34510042FF90 /* MyriadGEOMtavruli-Medium.otf */,
			);
			path = "Myriad Family";
			sourceTree = "<group>";
		};
		D390F627276F346C0042FF90 /* Scenes */ = {
			isa = PBXGroup;
			children = (
				D3AF9064278ED03900137435 /* PopOver */,
				0D8FEEDC278B160B0021F778 /* Authentication */,
				D390F628276F34760042FF90 /* BaseViewController */,
				D390F62B276F34810042FF90 /* Launch */,
				D390F62C276F348D0042FF90 /* Main */,
				D349EFFA2785F5E60049DEE6 /* RestrictionDetails */,
				0D5D63F8278A044600673350 /* SideMenu */,
			);
			path = Scenes;
			sourceTree = "<group>";
		};
		D390F628276F34760042FF90 /* BaseViewController */ = {
			isa = PBXGroup;
			children = (
				D390F629276F34760042FF90 /* BaseViewController.swift */,
			);
			path = BaseViewController;
			sourceTree = "<group>";
		};
		D390F62B276F34810042FF90 /* Launch */ = {
			isa = PBXGroup;
			children = (
				D390F5EA276F33C20042FF90 /* LaunchScreen.storyboard */,
			);
			path = Launch;
			sourceTree = "<group>";
		};
		D390F62C276F348D0042FF90 /* Main */ = {
			isa = PBXGroup;
			children = (
				0D1AD7AD2781C7F70063DE71 /* TableViewCells */,
				0DBBAE33277CBBFC0078348C /* VC */,
				D390F62D276F34D50042FF90 /* View */,
				D390F62E276F34DE0042FF90 /* ViewModel */,
			);
			path = Main;
			sourceTree = "<group>";
		};
		D390F62D276F34D50042FF90 /* View */ = {
			isa = PBXGroup;
			children = (
				0DBBAE34277CBC3A0078348C /* MainView.swift */,
			);
			path = View;
			sourceTree = "<group>";
		};
		D390F62E276F34DE0042FF90 /* ViewModel */ = {
			isa = PBXGroup;
			children = (
				0D1AD7B22781CA940063DE71 /* MainViewModel.swift */,
			);
			path = ViewModel;
			sourceTree = "<group>";
		};
		D390F62F276F34F70042FF90 /* SupportingFiles */ = {
			isa = PBXGroup;
			children = (
				D390F5DC276F33C00042FF90 /* AppDelegate.swift */,
				D390F5DE276F33C00042FF90 /* SceneDelegate.swift */,
				D390F5ED276F33C20042FF90 /* Info.plist */,
			);
			path = SupportingFiles;
			sourceTree = "<group>";
		};
		D3AF9064278ED03900137435 /* PopOver */ = {
			isa = PBXGroup;
			children = (
				D3AF9065278ED07800137435 /* PopOverViewController.swift */,
			);
			path = PopOver;
			sourceTree = "<group>";
		};
/* End PBXGroup section */

/* Begin PBXNativeTarget section */
		D390F5D8276F33C00042FF90 /* FlySafe */ = {
			isa = PBXNativeTarget;
			buildConfigurationList = D390F5F0276F33C20042FF90 /* Build configuration list for PBXNativeTarget "FlySafe" */;
			buildPhases = (
				D390F5D5276F33C00042FF90 /* Sources */,
				D390F5D6276F33C00042FF90 /* Frameworks */,
				D390F5D7276F33C00042FF90 /* Resources */,
			);
			buildRules = (
			);
			dependencies = (
			);
			name = FlySafe;
			packageProductDependencies = (
			);
			productName = FlySafe;
			productReference = 0DF1EF9D2792951000DCAC99 /* FlySafe.app */;
			productType = "com.apple.product-type.application";
		};
/* End PBXNativeTarget section */

/* Begin PBXProject section */
		D390F5D1276F33C00042FF90 /* Project object */ = {
			isa = PBXProject;
			attributes = {
				BuildIndependentTargetsInParallel = 1;
				LastSwiftUpdateCheck = 1320;
				LastUpgradeCheck = 1320;
				TargetAttributes = {
					D390F5D8276F33C00042FF90 = {
						CreatedOnToolsVersion = 13.2;
					};
				};
			};
			buildConfigurationList = D390F5D4276F33C00042FF90 /* Build configuration list for PBXProject "FlySafe" */;
			compatibilityVersion = "Xcode 13.0";
			developmentRegion = en;
			hasScannedForEncodings = 0;
			knownRegions = (
				en,
				Base,
			);
			mainGroup = D390F5D0276F33C00042FF90;
			packageReferences = (
			);
			productRefGroup = D390F5D0276F33C00042FF90;
			projectDirPath = "";
			projectRoot = "";
			targets = (
				D390F5D8276F33C00042FF90 /* FlySafe */,
			);
		};
/* End PBXProject section */

/* Begin PBXResourcesBuildPhase section */
		D390F5D7276F33C00042FF90 /* Resources */ = {
			isa = PBXResourcesBuildPhase;
			buildActionMask = 2147483647;
			files = (
				D390F624276F34510042FF90 /* MyriadGEOMtavruli-Bold.otf in Resources */,
				D390F623276F34510042FF90 /* Colors.xcassets in Resources */,
				D390F5EC276F33C20042FF90 /* LaunchScreen.storyboard in Resources */,
				D390F622276F34510042FF90 /* Assets.xcassets in Resources */,
				D390F626276F34510042FF90 /* MyriadGEOMtavruli-Medium.otf in Resources */,
				D390F625276F34510042FF90 /* MyriadGEOMtavruli-Regular.otf in Resources */,
			);
			runOnlyForDeploymentPostprocessing = 0;
		};
/* End PBXResourcesBuildPhase section */

/* Begin PBXSourcesBuildPhase section */
		D390F5D5276F33C00042FF90 /* Sources */ = {
			isa = PBXSourcesBuildPhase;
			buildActionMask = 2147483647;
			files = (
				0D1582A62799690D00853777 /* CustomTransitionViewController.swift in Sources */,
				0D1AD7B32781CA940063DE71 /* MainViewModel.swift in Sources */,
				0D7ACAC727A6E46900C4A780 /* WeatherRequest.swift in Sources */,
				0D5394722789F1EA00B94B8A /* SummaryListTitleCell.swift in Sources */,
				D3AF9066278ED07800137435 /* PopOverViewController.swift in Sources */,
				D390F60D276F33F00042FF90 /* UICollectionView+Extension.swift in Sources */,
				0D5CED4B276F7F54008D29B9 /* FetchTravelPlansResponse.swift in Sources */,
				0D1582AA2799690D00853777 /* CGRectExtension.swift in Sources */,
				D390F60E276F33F00042FF90 /* UICollectionViewCell+Extension.swift in Sources */,
				0D2C10CD277096A000B0AC93 /* Loopable.swift in Sources */,
				0D5D63F6278A039200673350 /* MenuState.swift in Sources */,
				0D1582A82799690D00853777 /* TransitionButton.swift in Sources */,
				D390F610276F33F00042FF90 /* UITableView+Extension.swift in Sources */,
				0DFDE575279750CF00081F0C /* FlightTypes.swift in Sources */,
				D349F0002785F6660049DEE6 /* RestrictionDetailsViewController.swift in Sources */,
				D390F60C276F33F00042FF90 /* UIView+Extension.swift in Sources */,
				0D2C10E12770B6AA00B0AC93 /* FetchNationalitiesRequest.swift in Sources */,
				0D5CED4F276F800F008D29B9 /* Airport.swift in Sources */,
				0D5CED47276F7E7E008D29B9 /* AuthResponse.swift in Sources */,
				0D1AD7B12781CA510063DE71 /* HomeTVBottomCell.swift in Sources */,
				0D2C10CA27707C2900B0AC93 /* AuthRequest.swift in Sources */,
				0DB90439277103150063436A /* FetchSelfResponse.swift in Sources */,
				0DD2CA1F277041130044CB1B /* DataRequest.swift in Sources */,
				0D5CED57276F82BB008D29B9 /* FetchRestrictionsResponse.swift in Sources */,
				0D5CED45276F7D78008D29B9 /* AddTravelPlanResponse.swift in Sources */,
				0D5CED53276F808A008D29B9 /* FetchVaccinesResponse.swift in Sources */,
				D349F0032785F68F0049DEE6 /* RestrictionDetailsView.swift in Sources */,
				0D5D63FE278A044600673350 /* MenuTableViewCell.swift in Sources */,
				D390F608276F33F00042FF90 /* CoordinatorProtocol.swift in Sources */,
				0D30155E27908CBE0078B644 /* RestrictionTableViewCell.swift in Sources */,
				0D9268E927887AE900F362C1 /* MarqueeLabel.swift in Sources */,
				0D8FEEE9278B16DE0021F778 /* AuthenticationViewController.swift in Sources */,
				0D8FEEE5278B168A0021F778 /* AuthenticationView.swift in Sources */,
				0D156C76279B3FAE009762C9 /* LocationManager.swift in Sources */,
				0D5D63FF278A044600673350 /* ContainerViewController.swift in Sources */,
				0DE79046278F73A3009C9731 /* RestrictionDetailsViewModel.swift in Sources */,
				0D5D63F7278A039200673350 /* MenuOptionsForNewUser.swift in Sources */,
				0DFDE56E27971D8000081F0C /* AirportPickerCell.swift in Sources */,
				0D2C10D52770A61C00B0AC93 /* AddTravelPlanRequest.swift in Sources */,
				0D5B34EE27705F8E00148518 /* APIManager.swift in Sources */,
				0D1582A92799690D00853777 /* FadeTransition.swift in Sources */,
				0D5D6402278A065200673350 /* FrameView.swift in Sources */,
				D390F5E1276F33C00042FF90 /* MainViewController.swift in Sources */,
				D390F5DD276F33C00042FF90 /* AppDelegate.swift in Sources */,
				0D1AD7AF2781C8510063DE71 /* HomeTVTopCell.swift in Sources */,
				0D2C10D92770AD1700B0AC93 /* EditTravelPlanRequest.swift in Sources */,
				0D2C10DD2770B52000B0AC93 /* FetchAirportsRequest.swift in Sources */,
				0D2C10D12770A29C00B0AC93 /* FetchTravelPlansRequest.swift in Sources */,
				0DBBAE32277CBA020078348C /* iOSDropDown.swift in Sources */,
				D390F60A276F33F00042FF90 /* UIImage+Extension.swift in Sources */,
				0D5CED51276F802B008D29B9 /* FetchAirportsResponse.swift in Sources */,
				D390F60F276F33F00042FF90 /* UITableViewCell+Extension.swift in Sources */,
				0DBBAE35277CBC3A0078348C /* MainView.swift in Sources */,
				0D8FEEEB278B16EF0021F778 /* AuthenticationViewModel.swift in Sources */,
				0D2EF04C277DA50F00FE4E1B /* Constants.swift in Sources */,
				0D1582A72799690D00853777 /* SpinerLayer.swift in Sources */,
				0D7ACAC927A6E57500C4A780 /* WeatherResponse.swift in Sources */,
				D390F609276F33F00042FF90 /* CoordinatorDelegate.swift in Sources */,
				0D5BE44F2784BB5A00EFBF71 /* BezierPathSuperpowers.swift in Sources */,
				0D2C10E32770B73E00B0AC93 /* FetchRestrictionsRequest.swift in Sources */,
				0D5D6400278A044600673350 /* MenuViewController.swift in Sources */,
				0D5CED49276F7EB7008D29B9 /* TravelPlan.swift in Sources */,
				D390F606276F33EF0042FF90 /* AppCoordinator.swift in Sources */,
				0D5CED4D276F7FB9008D29B9 /* DeleteResponse.swift in Sources */,
				D390F607276F33EF0042FF90 /* StoryBoarded.swift in Sources */,
				0D2C10CF27709E9100B0AC93 /* SelfRequest.swift in Sources */,
				0D6AAAE8278756140084D571 /* CustomExtensions.swift in Sources */,
				0DB6929E2794194500E83368 /* DataPrettyPrint.swift in Sources */,
				D390F5E7276F33C00042FF90 /* FlySafe.xcdatamodeld in Sources */,
				D390F62A276F34760042FF90 /* BaseViewController.swift in Sources */,
				0D6AAAE5278752570084D571 /* CheckResstrictionsButton.swift in Sources */,
				D390F5DF276F33C00042FF90 /* SceneDelegate.swift in Sources */,
				0D5CED55276F81A9008D29B9 /* FetchNationalitiesResponse.swift in Sources */,
				0DD2CA20277041130044CB1B /* NetworkService.swift in Sources */,
				D349EFF92785F5B60049DEE6 /* DashedLineView.swift in Sources */,
				0D2C10DF2770B5D600B0AC93 /* FetchVaccinesRequest.swift in Sources */,
				D390F60B276F33F00042FF90 /* UIColor+Extension.swift in Sources */,
				0DE00C8E278830A600BF9627 /* FoldingCell.swift in Sources */,
				0D5CED42276F7691008D29B9 /* User.swift in Sources */,
				0D2C10DB2770B14D00B0AC93 /* DeleteTravelPlanRequest.swift in Sources */,
			);
			runOnlyForDeploymentPostprocessing = 0;
		};
/* End PBXSourcesBuildPhase section */

/* Begin PBXVariantGroup section */
		D390F5EA276F33C20042FF90 /* LaunchScreen.storyboard */ = {
			isa = PBXVariantGroup;
			children = (
				D390F5EB276F33C20042FF90 /* Base */,
			);
			name = LaunchScreen.storyboard;
			sourceTree = "<group>";
		};
/* End PBXVariantGroup section */

/* Begin XCBuildConfiguration section */
		D390F5EE276F33C20042FF90 /* Debug */ = {
			isa = XCBuildConfiguration;
			buildSettings = {
				ALWAYS_SEARCH_USER_PATHS = NO;
				CLANG_ANALYZER_NONNULL = YES;
				CLANG_ANALYZER_NUMBER_OBJECT_CONVERSION = YES_AGGRESSIVE;
				CLANG_CXX_LANGUAGE_STANDARD = "gnu++17";
				CLANG_CXX_LIBRARY = "libc++";
				CLANG_ENABLE_MODULES = YES;
				CLANG_ENABLE_OBJC_ARC = YES;
				CLANG_ENABLE_OBJC_WEAK = YES;
				CLANG_WARN_BLOCK_CAPTURE_AUTORELEASING = YES;
				CLANG_WARN_BOOL_CONVERSION = YES;
				CLANG_WARN_COMMA = YES;
				CLANG_WARN_CONSTANT_CONVERSION = YES;
				CLANG_WARN_DEPRECATED_OBJC_IMPLEMENTATIONS = YES;
				CLANG_WARN_DIRECT_OBJC_ISA_USAGE = YES_ERROR;
				CLANG_WARN_DOCUMENTATION_COMMENTS = YES;
				CLANG_WARN_EMPTY_BODY = YES;
				CLANG_WARN_ENUM_CONVERSION = YES;
				CLANG_WARN_INFINITE_RECURSION = YES;
				CLANG_WARN_INT_CONVERSION = YES;
				CLANG_WARN_NON_LITERAL_NULL_CONVERSION = YES;
				CLANG_WARN_OBJC_IMPLICIT_RETAIN_SELF = YES;
				CLANG_WARN_OBJC_LITERAL_CONVERSION = YES;
				CLANG_WARN_OBJC_ROOT_CLASS = YES_ERROR;
				CLANG_WARN_QUOTED_INCLUDE_IN_FRAMEWORK_HEADER = YES;
				CLANG_WARN_RANGE_LOOP_ANALYSIS = YES;
				CLANG_WARN_STRICT_PROTOTYPES = YES;
				CLANG_WARN_SUSPICIOUS_MOVE = YES;
				CLANG_WARN_UNGUARDED_AVAILABILITY = YES_AGGRESSIVE;
				CLANG_WARN_UNREACHABLE_CODE = YES;
				CLANG_WARN__DUPLICATE_METHOD_MATCH = YES;
				COPY_PHASE_STRIP = NO;
				DEBUG_INFORMATION_FORMAT = dwarf;
				ENABLE_STRICT_OBJC_MSGSEND = YES;
				ENABLE_TESTABILITY = YES;
				GCC_C_LANGUAGE_STANDARD = gnu11;
				GCC_DYNAMIC_NO_PIC = NO;
				GCC_NO_COMMON_BLOCKS = YES;
				GCC_OPTIMIZATION_LEVEL = 0;
				GCC_PREPROCESSOR_DEFINITIONS = (
					"DEBUG=1",
					"$(inherited)",
				);
				GCC_WARN_64_TO_32_BIT_CONVERSION = YES;
				GCC_WARN_ABOUT_RETURN_TYPE = YES_ERROR;
				GCC_WARN_UNDECLARED_SELECTOR = YES;
				GCC_WARN_UNINITIALIZED_AUTOS = YES_AGGRESSIVE;
				GCC_WARN_UNUSED_FUNCTION = YES;
				GCC_WARN_UNUSED_VARIABLE = YES;
				IPHONEOS_DEPLOYMENT_TARGET = 15.0;
				MTL_ENABLE_DEBUG_INFO = INCLUDE_SOURCE;
				MTL_FAST_MATH = YES;
				ONLY_ACTIVE_ARCH = YES;
				SDKROOT = iphoneos;
				SWIFT_ACTIVE_COMPILATION_CONDITIONS = DEBUG;
				SWIFT_OPTIMIZATION_LEVEL = "-Onone";
			};
			name = Debug;
		};
		D390F5EF276F33C20042FF90 /* Release */ = {
			isa = XCBuildConfiguration;
			buildSettings = {
				ALWAYS_SEARCH_USER_PATHS = NO;
				CLANG_ANALYZER_NONNULL = YES;
				CLANG_ANALYZER_NUMBER_OBJECT_CONVERSION = YES_AGGRESSIVE;
				CLANG_CXX_LANGUAGE_STANDARD = "gnu++17";
				CLANG_CXX_LIBRARY = "libc++";
				CLANG_ENABLE_MODULES = YES;
				CLANG_ENABLE_OBJC_ARC = YES;
				CLANG_ENABLE_OBJC_WEAK = YES;
				CLANG_WARN_BLOCK_CAPTURE_AUTORELEASING = YES;
				CLANG_WARN_BOOL_CONVERSION = YES;
				CLANG_WARN_COMMA = YES;
				CLANG_WARN_CONSTANT_CONVERSION = YES;
				CLANG_WARN_DEPRECATED_OBJC_IMPLEMENTATIONS = YES;
				CLANG_WARN_DIRECT_OBJC_ISA_USAGE = YES_ERROR;
				CLANG_WARN_DOCUMENTATION_COMMENTS = YES;
				CLANG_WARN_EMPTY_BODY = YES;
				CLANG_WARN_ENUM_CONVERSION = YES;
				CLANG_WARN_INFINITE_RECURSION = YES;
				CLANG_WARN_INT_CONVERSION = YES;
				CLANG_WARN_NON_LITERAL_NULL_CONVERSION = YES;
				CLANG_WARN_OBJC_IMPLICIT_RETAIN_SELF = YES;
				CLANG_WARN_OBJC_LITERAL_CONVERSION = YES;
				CLANG_WARN_OBJC_ROOT_CLASS = YES_ERROR;
				CLANG_WARN_QUOTED_INCLUDE_IN_FRAMEWORK_HEADER = YES;
				CLANG_WARN_RANGE_LOOP_ANALYSIS = YES;
				CLANG_WARN_STRICT_PROTOTYPES = YES;
				CLANG_WARN_SUSPICIOUS_MOVE = YES;
				CLANG_WARN_UNGUARDED_AVAILABILITY = YES_AGGRESSIVE;
				CLANG_WARN_UNREACHABLE_CODE = YES;
				CLANG_WARN__DUPLICATE_METHOD_MATCH = YES;
				COPY_PHASE_STRIP = NO;
				DEBUG_INFORMATION_FORMAT = "dwarf-with-dsym";
				ENABLE_NS_ASSERTIONS = NO;
				ENABLE_STRICT_OBJC_MSGSEND = YES;
				GCC_C_LANGUAGE_STANDARD = gnu11;
				GCC_NO_COMMON_BLOCKS = YES;
				GCC_WARN_64_TO_32_BIT_CONVERSION = YES;
				GCC_WARN_ABOUT_RETURN_TYPE = YES_ERROR;
				GCC_WARN_UNDECLARED_SELECTOR = YES;
				GCC_WARN_UNINITIALIZED_AUTOS = YES_AGGRESSIVE;
				GCC_WARN_UNUSED_FUNCTION = YES;
				GCC_WARN_UNUSED_VARIABLE = YES;
				IPHONEOS_DEPLOYMENT_TARGET = 15.0;
				MTL_ENABLE_DEBUG_INFO = NO;
				MTL_FAST_MATH = YES;
				SDKROOT = iphoneos;
				SWIFT_COMPILATION_MODE = wholemodule;
				SWIFT_OPTIMIZATION_LEVEL = "-O";
				VALIDATE_PRODUCT = YES;
			};
			name = Release;
		};
		D390F5F1276F33C20042FF90 /* Debug */ = {
			isa = XCBuildConfiguration;
			buildSettings = {
				ASSETCATALOG_COMPILER_APPICON_NAME = AppIcon;
				ASSETCATALOG_COMPILER_GLOBAL_ACCENT_COLOR_NAME = AccentColor;
				ASSETCATALOG_COMPILER_INCLUDE_ALL_APPICON_ASSETS = YES;
				CODE_SIGN_STYLE = Automatic;
				CURRENT_PROJECT_VERSION = 1;
				DEVELOPMENT_TEAM = 68B2VR2Z5P;
				GENERATE_INFOPLIST_FILE = YES;
				INFOPLIST_FILE = FlySafe/SupportingFiles/Info.plist;
				INFOPLIST_KEY_CFBundleDisplayName = FlySafe;
				INFOPLIST_KEY_UIApplicationSupportsIndirectInputEvents = YES;
				INFOPLIST_KEY_UILaunchStoryboardName = LaunchScreen;
				INFOPLIST_KEY_UISupportedInterfaceOrientations_iPad = "UIInterfaceOrientationPortrait UIInterfaceOrientationPortraitUpsideDown UIInterfaceOrientationLandscapeLeft UIInterfaceOrientationLandscapeRight";
				INFOPLIST_KEY_UISupportedInterfaceOrientations_iPhone = "UIInterfaceOrientationPortrait UIInterfaceOrientationLandscapeLeft UIInterfaceOrientationLandscapeRight";
				LD_RUNPATH_SEARCH_PATHS = (
					"$(inherited)",
					"@executable_path/Frameworks",
				);
				MARKETING_VERSION = 1.0;
				PRODUCT_BUNDLE_IDENTIFIER = com.lizichichua.FlySafe;
				PRODUCT_NAME = "$(TARGET_NAME)";
				SWIFT_EMIT_LOC_STRINGS = YES;
				SWIFT_VERSION = 5.0;
				TARGETED_DEVICE_FAMILY = 1;
			};
			name = Debug;
		};
		D390F5F2276F33C20042FF90 /* Release */ = {
			isa = XCBuildConfiguration;
			buildSettings = {
				ASSETCATALOG_COMPILER_APPICON_NAME = AppIcon;
				ASSETCATALOG_COMPILER_GLOBAL_ACCENT_COLOR_NAME = AccentColor;
				ASSETCATALOG_COMPILER_INCLUDE_ALL_APPICON_ASSETS = YES;
				CODE_SIGN_STYLE = Automatic;
				CURRENT_PROJECT_VERSION = 1;
				DEVELOPMENT_TEAM = 68B2VR2Z5P;
				GENERATE_INFOPLIST_FILE = YES;
				INFOPLIST_FILE = FlySafe/SupportingFiles/Info.plist;
				INFOPLIST_KEY_CFBundleDisplayName = FlySafe;
				INFOPLIST_KEY_UIApplicationSupportsIndirectInputEvents = YES;
				INFOPLIST_KEY_UILaunchStoryboardName = LaunchScreen;
				INFOPLIST_KEY_UISupportedInterfaceOrientations_iPad = "UIInterfaceOrientationPortrait UIInterfaceOrientationPortraitUpsideDown UIInterfaceOrientationLandscapeLeft UIInterfaceOrientationLandscapeRight";
				INFOPLIST_KEY_UISupportedInterfaceOrientations_iPhone = "UIInterfaceOrientationPortrait UIInterfaceOrientationLandscapeLeft UIInterfaceOrientationLandscapeRight";
				LD_RUNPATH_SEARCH_PATHS = (
					"$(inherited)",
					"@executable_path/Frameworks",
				);
				MARKETING_VERSION = 1.0;
				PRODUCT_BUNDLE_IDENTIFIER = com.lizichichua.FlySafe;
				PRODUCT_NAME = "$(TARGET_NAME)";
				SWIFT_EMIT_LOC_STRINGS = YES;
				SWIFT_VERSION = 5.0;
				TARGETED_DEVICE_FAMILY = 1;
			};
			name = Release;
		};
/* End XCBuildConfiguration section */

/* Begin XCConfigurationList section */
		D390F5D4276F33C00042FF90 /* Build configuration list for PBXProject "FlySafe" */ = {
			isa = XCConfigurationList;
			buildConfigurations = (
				D390F5EE276F33C20042FF90 /* Debug */,
				D390F5EF276F33C20042FF90 /* Release */,
			);
			defaultConfigurationIsVisible = 0;
			defaultConfigurationName = Release;
		};
		D390F5F0276F33C20042FF90 /* Build configuration list for PBXNativeTarget "FlySafe" */ = {
			isa = XCConfigurationList;
			buildConfigurations = (
				D390F5F1276F33C20042FF90 /* Debug */,
				D390F5F2276F33C20042FF90 /* Release */,
			);
			defaultConfigurationIsVisible = 0;
			defaultConfigurationName = Release;
		};
/* End XCConfigurationList section */

/* Begin XCVersionGroup section */
		D390F5E5276F33C00042FF90 /* FlySafe.xcdatamodeld */ = {
			isa = XCVersionGroup;
			children = (
				D390F5E6276F33C00042FF90 /* FlySafe.xcdatamodel */,
			);
			currentVersion = D390F5E6276F33C00042FF90 /* FlySafe.xcdatamodel */;
			path = FlySafe.xcdatamodeld;
			sourceTree = "<group>";
			versionGroupType = wrapper.xcdatamodel;
		};
/* End XCVersionGroup section */
	};
	rootObject = D390F5D1276F33C00042FF90 /* Project object */;
}
