// !$*UTF8*$!
{
	archiveVersion = 1;
	classes = {
	};
	objectVersion = 55;
	objects = {

/* Begin PBXBuildFile section */
		0D5CED42276F7691008D29B9 /* User.swift in Sources */ = {isa = PBXBuildFile; fileRef = 0D5CED41276F7691008D29B9 /* User.swift */; };
		0D5CED45276F7D78008D29B9 /* AddTravelPlanResponse.swift in Sources */ = {isa = PBXBuildFile; fileRef = 0D5CED44276F7D78008D29B9 /* AddTravelPlanResponse.swift */; };
		0D5CED47276F7E7E008D29B9 /* AuthResponse.swift in Sources */ = {isa = PBXBuildFile; fileRef = 0D5CED46276F7E7E008D29B9 /* AuthResponse.swift */; };
		0D5CED49276F7EB7008D29B9 /* TravelPlan.swift in Sources */ = {isa = PBXBuildFile; fileRef = 0D5CED48276F7EB7008D29B9 /* TravelPlan.swift */; };
		0D5CED4B276F7F54008D29B9 /* FetchTravelPlansResponse.swift in Sources */ = {isa = PBXBuildFile; fileRef = 0D5CED4A276F7F54008D29B9 /* FetchTravelPlansResponse.swift */; };
		0D5CED4D276F7FB9008D29B9 /* DeleteResponse.swift in Sources */ = {isa = PBXBuildFile; fileRef = 0D5CED4C276F7FB9008D29B9 /* DeleteResponse.swift */; };
		0D5CED4F276F800F008D29B9 /* Airport.swift in Sources */ = {isa = PBXBuildFile; fileRef = 0D5CED4E276F800F008D29B9 /* Airport.swift */; };
		0D5CED51276F802B008D29B9 /* FetchAirportsResponse.swift in Sources */ = {isa = PBXBuildFile; fileRef = 0D5CED50276F802B008D29B9 /* FetchAirportsResponse.swift */; };
		0D5CED53276F808A008D29B9 /* FetchVaccinesResponse.swift in Sources */ = {isa = PBXBuildFile; fileRef = 0D5CED52276F808A008D29B9 /* FetchVaccinesResponse.swift */; };
		0D5CED55276F81A9008D29B9 /* FetchNationalities.swift in Sources */ = {isa = PBXBuildFile; fileRef = 0D5CED54276F81A9008D29B9 /* FetchNationalities.swift */; };
		0D5CED57276F82BB008D29B9 /* FetchRestrictionsResponse.swift in Sources */ = {isa = PBXBuildFile; fileRef = 0D5CED56276F82BB008D29B9 /* FetchRestrictionsResponse.swift */; };
		0DD2CA1F277041130044CB1B /* DataRequest.swift in Sources */ = {isa = PBXBuildFile; fileRef = 0DD2CA1D277041130044CB1B /* DataRequest.swift */; };
		0DD2CA20277041130044CB1B /* NetworkService.swift in Sources */ = {isa = PBXBuildFile; fileRef = 0DD2CA1E277041130044CB1B /* NetworkService.swift */; };
		D390F5DD276F33C00042FF90 /* AppDelegate.swift in Sources */ = {isa = PBXBuildFile; fileRef = D390F5DC276F33C00042FF90 /* AppDelegate.swift */; };
		D390F5DF276F33C00042FF90 /* SceneDelegate.swift in Sources */ = {isa = PBXBuildFile; fileRef = D390F5DE276F33C00042FF90 /* SceneDelegate.swift */; };
		D390F5E1276F33C00042FF90 /* MainViewController.swift in Sources */ = {isa = PBXBuildFile; fileRef = D390F5E0276F33C00042FF90 /* MainViewController.swift */; };
		D390F5E4276F33C00042FF90 /* MainViewController.storyboard in Resources */ = {isa = PBXBuildFile; fileRef = D390F5E2276F33C00042FF90 /* MainViewController.storyboard */; };
		D390F5E7276F33C00042FF90 /* FlySafe.xcdatamodeld in Sources */ = {isa = PBXBuildFile; fileRef = D390F5E5276F33C00042FF90 /* FlySafe.xcdatamodeld */; };
		D390F5EC276F33C20042FF90 /* LaunchScreen.storyboard in Resources */ = {isa = PBXBuildFile; fileRef = D390F5EA276F33C20042FF90 /* LaunchScreen.storyboard */; };
		D390F606276F33EF0042FF90 /* AppCoordinator.swift in Sources */ = {isa = PBXBuildFile; fileRef = D390F5F5276F33EF0042FF90 /* AppCoordinator.swift */; };
		D390F607276F33EF0042FF90 /* StoryBoarded.swift in Sources */ = {isa = PBXBuildFile; fileRef = D390F5F6276F33EF0042FF90 /* StoryBoarded.swift */; };
		D390F608276F33F00042FF90 /* CoordinatorProtocol.swift in Sources */ = {isa = PBXBuildFile; fileRef = D390F5F7276F33EF0042FF90 /* CoordinatorProtocol.swift */; };
		D390F609276F33F00042FF90 /* CoordinatorDelegate.swift in Sources */ = {isa = PBXBuildFile; fileRef = D390F5F8276F33EF0042FF90 /* CoordinatorDelegate.swift */; };
		D390F60A276F33F00042FF90 /* UIImage+Extension.swift in Sources */ = {isa = PBXBuildFile; fileRef = D390F5FB276F33EF0042FF90 /* UIImage+Extension.swift */; };
		D390F60B276F33F00042FF90 /* UIColor+Extension.swift in Sources */ = {isa = PBXBuildFile; fileRef = D390F5FD276F33EF0042FF90 /* UIColor+Extension.swift */; };
		D390F60C276F33F00042FF90 /* UIView+Extension.swift in Sources */ = {isa = PBXBuildFile; fileRef = D390F5FF276F33EF0042FF90 /* UIView+Extension.swift */; };
		D390F60D276F33F00042FF90 /* UICollectionView+Extension.swift in Sources */ = {isa = PBXBuildFile; fileRef = D390F601276F33EF0042FF90 /* UICollectionView+Extension.swift */; };
		D390F60E276F33F00042FF90 /* UICollectionViewCell+Extension.swift in Sources */ = {isa = PBXBuildFile; fileRef = D390F602276F33EF0042FF90 /* UICollectionViewCell+Extension.swift */; };
		D390F60F276F33F00042FF90 /* UITableViewCell+Extension.swift in Sources */ = {isa = PBXBuildFile; fileRef = D390F604276F33EF0042FF90 /* UITableViewCell+Extension.swift */; };
		D390F610276F33F00042FF90 /* UITableView+Extension.swift in Sources */ = {isa = PBXBuildFile; fileRef = D390F605276F33EF0042FF90 /* UITableView+Extension.swift */; };
		D390F622276F34510042FF90 /* Assets.xcassets in Resources */ = {isa = PBXBuildFile; fileRef = D390F61A276F34510042FF90 /* Assets.xcassets */; };
		D390F623276F34510042FF90 /* Colors.xcassets in Resources */ = {isa = PBXBuildFile; fileRef = D390F61C276F34510042FF90 /* Colors.xcassets */; };
		D390F624276F34510042FF90 /* MyriadGEOMtavruli-Bold.otf in Resources */ = {isa = PBXBuildFile; fileRef = D390F61F276F34510042FF90 /* MyriadGEOMtavruli-Bold.otf */; };
		D390F625276F34510042FF90 /* MyriadGEOMtavruli-Regular.otf in Resources */ = {isa = PBXBuildFile; fileRef = D390F620276F34510042FF90 /* MyriadGEOMtavruli-Regular.otf */; };
		D390F626276F34510042FF90 /* MyriadGEOMtavruli-Medium.otf in Resources */ = {isa = PBXBuildFile; fileRef = D390F621276F34510042FF90 /* MyriadGEOMtavruli-Medium.otf */; };
		D390F62A276F34760042FF90 /* BaseViewController.swift in Sources */ = {isa = PBXBuildFile; fileRef = D390F629276F34760042FF90 /* BaseViewController.swift */; };
/* End PBXBuildFile section */

/* Begin PBXFileReference section */
		0D5CED41276F7691008D29B9 /* User.swift */ = {isa = PBXFileReference; lastKnownFileType = sourcecode.swift; path = User.swift; sourceTree = "<group>"; };
		0D5CED44276F7D78008D29B9 /* AddTravelPlanResponse.swift */ = {isa = PBXFileReference; lastKnownFileType = sourcecode.swift; path = AddTravelPlanResponse.swift; sourceTree = "<group>"; };
		0D5CED46276F7E7E008D29B9 /* AuthResponse.swift */ = {isa = PBXFileReference; lastKnownFileType = sourcecode.swift; path = AuthResponse.swift; sourceTree = "<group>"; };
		0D5CED48276F7EB7008D29B9 /* TravelPlan.swift */ = {isa = PBXFileReference; lastKnownFileType = sourcecode.swift; path = TravelPlan.swift; sourceTree = "<group>"; };
		0D5CED4A276F7F54008D29B9 /* FetchTravelPlansResponse.swift */ = {isa = PBXFileReference; lastKnownFileType = sourcecode.swift; path = FetchTravelPlansResponse.swift; sourceTree = "<group>"; };
		0D5CED4C276F7FB9008D29B9 /* DeleteResponse.swift */ = {isa = PBXFileReference; lastKnownFileType = sourcecode.swift; path = DeleteResponse.swift; sourceTree = "<group>"; };
		0D5CED4E276F800F008D29B9 /* Airport.swift */ = {isa = PBXFileReference; lastKnownFileType = sourcecode.swift; path = Airport.swift; sourceTree = "<group>"; };
		0D5CED50276F802B008D29B9 /* FetchAirportsResponse.swift */ = {isa = PBXFileReference; lastKnownFileType = sourcecode.swift; path = FetchAirportsResponse.swift; sourceTree = "<group>"; };
		0D5CED52276F808A008D29B9 /* FetchVaccinesResponse.swift */ = {isa = PBXFileReference; lastKnownFileType = sourcecode.swift; path = FetchVaccinesResponse.swift; sourceTree = "<group>"; };
		0D5CED54276F81A9008D29B9 /* FetchNationalities.swift */ = {isa = PBXFileReference; lastKnownFileType = sourcecode.swift; path = FetchNationalities.swift; sourceTree = "<group>"; };
		0D5CED56276F82BB008D29B9 /* FetchRestrictionsResponse.swift */ = {isa = PBXFileReference; lastKnownFileType = sourcecode.swift; path = FetchRestrictionsResponse.swift; sourceTree = "<group>"; };
		0DD2CA1D277041130044CB1B /* DataRequest.swift */ = {isa = PBXFileReference; fileEncoding = 4; lastKnownFileType = sourcecode.swift; name = DataRequest.swift; path = Network/DataRequest.swift; sourceTree = SOURCE_ROOT; };
		0DD2CA1E277041130044CB1B /* NetworkService.swift */ = {isa = PBXFileReference; fileEncoding = 4; lastKnownFileType = sourcecode.swift; name = NetworkService.swift; path = Network/NetworkService.swift; sourceTree = SOURCE_ROOT; };
		D390F5D9276F33C00042FF90 /* FlySafe.app */ = {isa = PBXFileReference; explicitFileType = wrapper.application; includeInIndex = 0; path = FlySafe.app; sourceTree = BUILT_PRODUCTS_DIR; };
		D390F5DC276F33C00042FF90 /* AppDelegate.swift */ = {isa = PBXFileReference; lastKnownFileType = sourcecode.swift; path = AppDelegate.swift; sourceTree = "<group>"; };
		D390F5DE276F33C00042FF90 /* SceneDelegate.swift */ = {isa = PBXFileReference; lastKnownFileType = sourcecode.swift; path = SceneDelegate.swift; sourceTree = "<group>"; };
		D390F5E0276F33C00042FF90 /* MainViewController.swift */ = {isa = PBXFileReference; lastKnownFileType = sourcecode.swift; path = MainViewController.swift; sourceTree = "<group>"; };
		D390F5E3276F33C00042FF90 /* Base */ = {isa = PBXFileReference; lastKnownFileType = file.storyboard; name = Base; path = Base.lproj/MainViewController.storyboard; sourceTree = "<group>"; };
		D390F5E6276F33C00042FF90 /* FlySafe.xcdatamodel */ = {isa = PBXFileReference; lastKnownFileType = wrapper.xcdatamodel; path = FlySafe.xcdatamodel; sourceTree = "<group>"; };
		D390F5EB276F33C20042FF90 /* Base */ = {isa = PBXFileReference; lastKnownFileType = file.storyboard; name = Base; path = Base.lproj/LaunchScreen.storyboard; sourceTree = "<group>"; };
		D390F5ED276F33C20042FF90 /* Info.plist */ = {isa = PBXFileReference; lastKnownFileType = text.plist.xml; path = Info.plist; sourceTree = "<group>"; };
		D390F5F5276F33EF0042FF90 /* AppCoordinator.swift */ = {isa = PBXFileReference; fileEncoding = 4; lastKnownFileType = sourcecode.swift; path = AppCoordinator.swift; sourceTree = "<group>"; };
		D390F5F6276F33EF0042FF90 /* StoryBoarded.swift */ = {isa = PBXFileReference; fileEncoding = 4; lastKnownFileType = sourcecode.swift; path = StoryBoarded.swift; sourceTree = "<group>"; };
		D390F5F7276F33EF0042FF90 /* CoordinatorProtocol.swift */ = {isa = PBXFileReference; fileEncoding = 4; lastKnownFileType = sourcecode.swift; path = CoordinatorProtocol.swift; sourceTree = "<group>"; };
		D390F5F8276F33EF0042FF90 /* CoordinatorDelegate.swift */ = {isa = PBXFileReference; fileEncoding = 4; lastKnownFileType = sourcecode.swift; path = CoordinatorDelegate.swift; sourceTree = "<group>"; };
		D390F5FB276F33EF0042FF90 /* UIImage+Extension.swift */ = {isa = PBXFileReference; fileEncoding = 4; lastKnownFileType = sourcecode.swift; path = "UIImage+Extension.swift"; sourceTree = "<group>"; };
		D390F5FD276F33EF0042FF90 /* UIColor+Extension.swift */ = {isa = PBXFileReference; fileEncoding = 4; lastKnownFileType = sourcecode.swift; path = "UIColor+Extension.swift"; sourceTree = "<group>"; };
		D390F5FF276F33EF0042FF90 /* UIView+Extension.swift */ = {isa = PBXFileReference; fileEncoding = 4; lastKnownFileType = sourcecode.swift; path = "UIView+Extension.swift"; sourceTree = "<group>"; };
		D390F601276F33EF0042FF90 /* UICollectionView+Extension.swift */ = {isa = PBXFileReference; fileEncoding = 4; lastKnownFileType = sourcecode.swift; path = "UICollectionView+Extension.swift"; sourceTree = "<group>"; };
		D390F602276F33EF0042FF90 /* UICollectionViewCell+Extension.swift */ = {isa = PBXFileReference; fileEncoding = 4; lastKnownFileType = sourcecode.swift; path = "UICollectionViewCell+Extension.swift"; sourceTree = "<group>"; };
		D390F604276F33EF0042FF90 /* UITableViewCell+Extension.swift */ = {isa = PBXFileReference; fileEncoding = 4; lastKnownFileType = sourcecode.swift; path = "UITableViewCell+Extension.swift"; sourceTree = "<group>"; };
		D390F605276F33EF0042FF90 /* UITableView+Extension.swift */ = {isa = PBXFileReference; fileEncoding = 4; lastKnownFileType = sourcecode.swift; path = "UITableView+Extension.swift"; sourceTree = "<group>"; };
		D390F61A276F34510042FF90 /* Assets.xcassets */ = {isa = PBXFileReference; lastKnownFileType = folder.assetcatalog; path = Assets.xcassets; sourceTree = "<group>"; };
		D390F61C276F34510042FF90 /* Colors.xcassets */ = {isa = PBXFileReference; lastKnownFileType = folder.assetcatalog; path = Colors.xcassets; sourceTree = "<group>"; };
		D390F61F276F34510042FF90 /* MyriadGEOMtavruli-Bold.otf */ = {isa = PBXFileReference; lastKnownFileType = file; path = "MyriadGEOMtavruli-Bold.otf"; sourceTree = "<group>"; };
		D390F620276F34510042FF90 /* MyriadGEOMtavruli-Regular.otf */ = {isa = PBXFileReference; lastKnownFileType = file; path = "MyriadGEOMtavruli-Regular.otf"; sourceTree = "<group>"; };
		D390F621276F34510042FF90 /* MyriadGEOMtavruli-Medium.otf */ = {isa = PBXFileReference; lastKnownFileType = file; path = "MyriadGEOMtavruli-Medium.otf"; sourceTree = "<group>"; };
		D390F629276F34760042FF90 /* BaseViewController.swift */ = {isa = PBXFileReference; fileEncoding = 4; lastKnownFileType = sourcecode.swift; path = BaseViewController.swift; sourceTree = "<group>"; };
/* End PBXFileReference section */

/* Begin PBXFrameworksBuildPhase section */
		D390F5D6276F33C00042FF90 /* Frameworks */ = {
			isa = PBXFrameworksBuildPhase;
			buildActionMask = 2147483647;
			files = (
			);
			runOnlyForDeploymentPostprocessing = 0;
		};
/* End PBXFrameworksBuildPhase section */

/* Begin PBXGroup section */
		0D5CED38276F430E008D29B9 /* Managers */ = {
			isa = PBXGroup;
			children = (
				D390F614276F34210042FF90 /* CoreData */,
				0D5CED39276F433D008D29B9 /* Network */,
			);
			path = Managers;
			sourceTree = "<group>";
		};
		0D5CED39276F433D008D29B9 /* Network */ = {
			isa = PBXGroup;
			children = (
				0DD2CA1D277041130044CB1B /* DataRequest.swift */,
				0DD2CA1E277041130044CB1B /* NetworkService.swift */,
			);
			path = Network;
			sourceTree = "<group>";
		};
		0D5CED40276F7680008D29B9 /* API */ = {
			isa = PBXGroup;
			children = (
				0D5CED41276F7691008D29B9 /* User.swift */,
				0D5CED44276F7D78008D29B9 /* AddTravelPlanResponse.swift */,
				0D5CED46276F7E7E008D29B9 /* AuthResponse.swift */,
				0D5CED48276F7EB7008D29B9 /* TravelPlan.swift */,
				0D5CED4A276F7F54008D29B9 /* FetchTravelPlansResponse.swift */,
				0D5CED4C276F7FB9008D29B9 /* DeleteResponse.swift */,
				0D5CED4E276F800F008D29B9 /* Airport.swift */,
				0D5CED50276F802B008D29B9 /* FetchAirportsResponse.swift */,
				0D5CED52276F808A008D29B9 /* FetchVaccinesResponse.swift */,
				0D5CED54276F81A9008D29B9 /* FetchNationalities.swift */,
				0D5CED56276F82BB008D29B9 /* FetchRestrictionsResponse.swift */,
			);
			path = API;
			sourceTree = "<group>";
		};
		D390F5D0276F33C00042FF90 = {
			isa = PBXGroup;
			children = (
				D390F5DB276F33C00042FF90 /* FlySafe */,
				D390F5DA276F33C00042FF90 /* Products */,
			);
			sourceTree = "<group>";
		};
		D390F5DA276F33C00042FF90 /* Products */ = {
			isa = PBXGroup;
			children = (
				D390F5D9276F33C00042FF90 /* FlySafe.app */,
			);
			name = Products;
			sourceTree = "<group>";
		};
		D390F5DB276F33C00042FF90 /* FlySafe */ = {
			isa = PBXGroup;
			children = (
				D390F5F3276F33EF0042FF90 /* Core */,
				D390F615276F34310042FF90 /* Models */,
				0D5CED38276F430E008D29B9 /* Managers */,
				D390F618276F34510042FF90 /* Resources */,
				D390F627276F346C0042FF90 /* Scenes */,
				D390F62F276F34F70042FF90 /* SupportingFiles */,
			);
			path = FlySafe;
			sourceTree = "<group>";
		};
		D390F5F3276F33EF0042FF90 /* Core */ = {
			isa = PBXGroup;
			children = (
				D390F5F4276F33EF0042FF90 /* Coordinator */,
				D390F5F9276F33EF0042FF90 /* Extensions */,
				D390F611276F33FB0042FF90 /* Utilities */,
			);
			path = Core;
			sourceTree = "<group>";
		};
		D390F5F4276F33EF0042FF90 /* Coordinator */ = {
			isa = PBXGroup;
			children = (
				D390F5F5276F33EF0042FF90 /* AppCoordinator.swift */,
				D390F5F6276F33EF0042FF90 /* StoryBoarded.swift */,
				D390F5F7276F33EF0042FF90 /* CoordinatorProtocol.swift */,
				D390F5F8276F33EF0042FF90 /* CoordinatorDelegate.swift */,
			);
			path = Coordinator;
			sourceTree = "<group>";
		};
		D390F5F9276F33EF0042FF90 /* Extensions */ = {
			isa = PBXGroup;
			children = (
				D390F5FA276F33EF0042FF90 /* UIImage */,
				D390F5FC276F33EF0042FF90 /* UIColor */,
				D390F5FE276F33EF0042FF90 /* UIView */,
				D390F600276F33EF0042FF90 /* UICollectionView */,
				D390F603276F33EF0042FF90 /* UITableView */,
			);
			path = Extensions;
			sourceTree = "<group>";
		};
		D390F5FA276F33EF0042FF90 /* UIImage */ = {
			isa = PBXGroup;
			children = (
				D390F5FB276F33EF0042FF90 /* UIImage+Extension.swift */,
			);
			path = UIImage;
			sourceTree = "<group>";
		};
		D390F5FC276F33EF0042FF90 /* UIColor */ = {
			isa = PBXGroup;
			children = (
				D390F5FD276F33EF0042FF90 /* UIColor+Extension.swift */,
			);
			path = UIColor;
			sourceTree = "<group>";
		};
		D390F5FE276F33EF0042FF90 /* UIView */ = {
			isa = PBXGroup;
			children = (
				D390F5FF276F33EF0042FF90 /* UIView+Extension.swift */,
			);
			path = UIView;
			sourceTree = "<group>";
		};
		D390F600276F33EF0042FF90 /* UICollectionView */ = {
			isa = PBXGroup;
			children = (
				D390F601276F33EF0042FF90 /* UICollectionView+Extension.swift */,
				D390F602276F33EF0042FF90 /* UICollectionViewCell+Extension.swift */,
			);
			path = UICollectionView;
			sourceTree = "<group>";
		};
		D390F603276F33EF0042FF90 /* UITableView */ = {
			isa = PBXGroup;
			children = (
				D390F604276F33EF0042FF90 /* UITableViewCell+Extension.swift */,
				D390F605276F33EF0042FF90 /* UITableView+Extension.swift */,
			);
			path = UITableView;
			sourceTree = "<group>";
		};
		D390F611276F33FB0042FF90 /* Utilities */ = {
			isa = PBXGroup;
			children = (
			);
			path = Utilities;
			sourceTree = "<group>";
		};
		D390F614276F34210042FF90 /* CoreData */ = {
			isa = PBXGroup;
			children = (
			);
			path = CoreData;
			sourceTree = "<group>";
		};
		D390F615276F34310042FF90 /* Models */ = {
			isa = PBXGroup;
			children = (
				0D5CED40276F7680008D29B9 /* API */,
				D390F617276F343D0042FF90 /* CoreData */,
			);
			path = Models;
			sourceTree = "<group>";
		};
		D390F617276F343D0042FF90 /* CoreData */ = {
			isa = PBXGroup;
			children = (
				D390F5E5276F33C00042FF90 /* FlySafe.xcdatamodeld */,
			);
			path = CoreData;
			sourceTree = "<group>";
		};
		D390F618276F34510042FF90 /* Resources */ = {
			isa = PBXGroup;
			children = (
				D390F619276F34510042FF90 /* Images */,
				D390F61B276F34510042FF90 /* Colors */,
				D390F61D276F34510042FF90 /* Fonts */,
			);
			path = Resources;
			sourceTree = "<group>";
		};
		D390F619276F34510042FF90 /* Images */ = {
			isa = PBXGroup;
			children = (
				D390F61A276F34510042FF90 /* Assets.xcassets */,
			);
			path = Images;
			sourceTree = "<group>";
		};
		D390F61B276F34510042FF90 /* Colors */ = {
			isa = PBXGroup;
			children = (
				D390F61C276F34510042FF90 /* Colors.xcassets */,
			);
			path = Colors;
			sourceTree = "<group>";
		};
		D390F61D276F34510042FF90 /* Fonts */ = {
			isa = PBXGroup;
			children = (
				D390F61E276F34510042FF90 /* Myriad Family */,
			);
			path = Fonts;
			sourceTree = "<group>";
		};
		D390F61E276F34510042FF90 /* Myriad Family */ = {
			isa = PBXGroup;
			children = (
				D390F61F276F34510042FF90 /* MyriadGEOMtavruli-Bold.otf */,
				D390F620276F34510042FF90 /* MyriadGEOMtavruli-Regular.otf */,
				D390F621276F34510042FF90 /* MyriadGEOMtavruli-Medium.otf */,
			);
			path = "Myriad Family";
			sourceTree = "<group>";
		};
		D390F627276F346C0042FF90 /* Scenes */ = {
			isa = PBXGroup;
			children = (
				D390F628276F34760042FF90 /* BaseViewController */,
				D390F62B276F34810042FF90 /* Launch */,
				D390F62C276F348D0042FF90 /* Main */,
			);
			path = Scenes;
			sourceTree = "<group>";
		};
		D390F628276F34760042FF90 /* BaseViewController */ = {
			isa = PBXGroup;
			children = (
				D390F629276F34760042FF90 /* BaseViewController.swift */,
			);
			path = BaseViewController;
			sourceTree = "<group>";
		};
		D390F62B276F34810042FF90 /* Launch */ = {
			isa = PBXGroup;
			children = (
				D390F5EA276F33C20042FF90 /* LaunchScreen.storyboard */,
			);
			path = Launch;
			sourceTree = "<group>";
		};
		D390F62C276F348D0042FF90 /* Main */ = {
			isa = PBXGroup;
			children = (
				D390F62D276F34D50042FF90 /* View */,
				D390F62E276F34DE0042FF90 /* ViewModel */,
			);
			path = Main;
			sourceTree = "<group>";
		};
		D390F62D276F34D50042FF90 /* View */ = {
			isa = PBXGroup;
			children = (
				D390F5E0276F33C00042FF90 /* MainViewController.swift */,
				D390F5E2276F33C00042FF90 /* MainViewController.storyboard */,
			);
			path = View;
			sourceTree = "<group>";
		};
		D390F62E276F34DE0042FF90 /* ViewModel */ = {
			isa = PBXGroup;
			children = (
			);
			path = ViewModel;
			sourceTree = "<group>";
		};
		D390F62F276F34F70042FF90 /* SupportingFiles */ = {
			isa = PBXGroup;
			children = (
				D390F5DC276F33C00042FF90 /* AppDelegate.swift */,
				D390F5DE276F33C00042FF90 /* SceneDelegate.swift */,
				D390F5ED276F33C20042FF90 /* Info.plist */,
			);
			path = SupportingFiles;
			sourceTree = "<group>";
		};
/* End PBXGroup section */

/* Begin PBXNativeTarget section */
		D390F5D8276F33C00042FF90 /* FlySafe */ = {
			isa = PBXNativeTarget;
			buildConfigurationList = D390F5F0276F33C20042FF90 /* Build configuration list for PBXNativeTarget "FlySafe" */;
			buildPhases = (
				D390F5D5276F33C00042FF90 /* Sources */,
				D390F5D6276F33C00042FF90 /* Frameworks */,
				D390F5D7276F33C00042FF90 /* Resources */,
			);
			buildRules = (
			);
			dependencies = (
			);
			name = FlySafe;
			productName = FlySafe;
			productReference = D390F5D9276F33C00042FF90 /* FlySafe.app */;
			productType = "com.apple.product-type.application";
		};
/* End PBXNativeTarget section */

/* Begin PBXProject section */
		D390F5D1276F33C00042FF90 /* Project object */ = {
			isa = PBXProject;
			attributes = {
				BuildIndependentTargetsInParallel = 1;
				LastSwiftUpdateCheck = 1320;
				LastUpgradeCheck = 1320;
				TargetAttributes = {
					D390F5D8276F33C00042FF90 = {
						CreatedOnToolsVersion = 13.2;
					};
				};
			};
			buildConfigurationList = D390F5D4276F33C00042FF90 /* Build configuration list for PBXProject "FlySafe" */;
			compatibilityVersion = "Xcode 13.0";
			developmentRegion = en;
			hasScannedForEncodings = 0;
			knownRegions = (
				en,
				Base,
			);
			mainGroup = D390F5D0276F33C00042FF90;
			productRefGroup = D390F5DA276F33C00042FF90 /* Products */;
			projectDirPath = "";
			projectRoot = "";
			targets = (
				D390F5D8276F33C00042FF90 /* FlySafe */,
			);
		};
/* End PBXProject section */

/* Begin PBXResourcesBuildPhase section */
		D390F5D7276F33C00042FF90 /* Resources */ = {
			isa = PBXResourcesBuildPhase;
			buildActionMask = 2147483647;
			files = (
				D390F624276F34510042FF90 /* MyriadGEOMtavruli-Bold.otf in Resources */,
				D390F623276F34510042FF90 /* Colors.xcassets in Resources */,
				D390F5EC276F33C20042FF90 /* LaunchScreen.storyboard in Resources */,
				D390F622276F34510042FF90 /* Assets.xcassets in Resources */,
				D390F5E4276F33C00042FF90 /* MainViewController.storyboard in Resources */,
				D390F626276F34510042FF90 /* MyriadGEOMtavruli-Medium.otf in Resources */,
				D390F625276F34510042FF90 /* MyriadGEOMtavruli-Regular.otf in Resources */,
			);
			runOnlyForDeploymentPostprocessing = 0;
		};
/* End PBXResourcesBuildPhase section */

/* Begin PBXSourcesBuildPhase section */
		D390F5D5276F33C00042FF90 /* Sources */ = {
			isa = PBXSourcesBuildPhase;
			buildActionMask = 2147483647;
			files = (
				D390F60D276F33F00042FF90 /* UICollectionView+Extension.swift in Sources */,
				0D5CED4B276F7F54008D29B9 /* FetchTravelPlansResponse.swift in Sources */,
				D390F60E276F33F00042FF90 /* UICollectionViewCell+Extension.swift in Sources */,
				D390F610276F33F00042FF90 /* UITableView+Extension.swift in Sources */,
				D390F60C276F33F00042FF90 /* UIView+Extension.swift in Sources */,
				0D5CED4F276F800F008D29B9 /* Airport.swift in Sources */,
				0D5CED47276F7E7E008D29B9 /* AuthResponse.swift in Sources */,
				0DD2CA1F277041130044CB1B /* DataRequest.swift in Sources */,
				0D5CED57276F82BB008D29B9 /* FetchRestrictionsResponse.swift in Sources */,
				0D5CED45276F7D78008D29B9 /* AddTravelPlanResponse.swift in Sources */,
				0D5CED53276F808A008D29B9 /* FetchVaccinesResponse.swift in Sources */,
				D390F608276F33F00042FF90 /* CoordinatorProtocol.swift in Sources */,
				D390F5E1276F33C00042FF90 /* MainViewController.swift in Sources */,
				D390F5DD276F33C00042FF90 /* AppDelegate.swift in Sources */,
				D390F60A276F33F00042FF90 /* UIImage+Extension.swift in Sources */,
				0D5CED51276F802B008D29B9 /* FetchAirportsResponse.swift in Sources */,
				D390F60F276F33F00042FF90 /* UITableViewCell+Extension.swift in Sources */,
				D390F609276F33F00042FF90 /* CoordinatorDelegate.swift in Sources */,
				0D5CED49276F7EB7008D29B9 /* TravelPlan.swift in Sources */,
				D390F606276F33EF0042FF90 /* AppCoordinator.swift in Sources */,
				0D5CED4D276F7FB9008D29B9 /* DeleteResponse.swift in Sources */,
				D390F607276F33EF0042FF90 /* StoryBoarded.swift in Sources */,
				D390F5E7276F33C00042FF90 /* FlySafe.xcdatamodeld in Sources */,
				D390F62A276F34760042FF90 /* BaseViewController.swift in Sources */,
				D390F5DF276F33C00042FF90 /* SceneDelegate.swift in Sources */,
				0D5CED55276F81A9008D29B9 /* FetchNationalities.swift in Sources */,
				0DD2CA20277041130044CB1B /* NetworkService.swift in Sources */,
				D390F60B276F33F00042FF90 /* UIColor+Extension.swift in Sources */,
				0D5CED42276F7691008D29B9 /* User.swift in Sources */,
			);
			runOnlyForDeploymentPostprocessing = 0;
		};
/* End PBXSourcesBuildPhase section */

/* Begin PBXVariantGroup section */
		D390F5E2276F33C00042FF90 /* MainViewController.storyboard */ = {
			isa = PBXVariantGroup;
			children = (
				D390F5E3276F33C00042FF90 /* Base */,
			);
			name = MainViewController.storyboard;
			sourceTree = "<group>";
		};
		D390F5EA276F33C20042FF90 /* LaunchScreen.storyboard */ = {
			isa = PBXVariantGroup;
			children = (
				D390F5EB276F33C20042FF90 /* Base */,
			);
			name = LaunchScreen.storyboard;
			sourceTree = "<group>";
		};
/* End PBXVariantGroup section */

/* Begin XCBuildConfiguration section */
		D390F5EE276F33C20042FF90 /* Debug */ = {
			isa = XCBuildConfiguration;
			buildSettings = {
				ALWAYS_SEARCH_USER_PATHS = NO;
				CLANG_ANALYZER_NONNULL = YES;
				CLANG_ANALYZER_NUMBER_OBJECT_CONVERSION = YES_AGGRESSIVE;
				CLANG_CXX_LANGUAGE_STANDARD = "gnu++17";
				CLANG_CXX_LIBRARY = "libc++";
				CLANG_ENABLE_MODULES = YES;
				CLANG_ENABLE_OBJC_ARC = YES;
				CLANG_ENABLE_OBJC_WEAK = YES;
				CLANG_WARN_BLOCK_CAPTURE_AUTORELEASING = YES;
				CLANG_WARN_BOOL_CONVERSION = YES;
				CLANG_WARN_COMMA = YES;
				CLANG_WARN_CONSTANT_CONVERSION = YES;
				CLANG_WARN_DEPRECATED_OBJC_IMPLEMENTATIONS = YES;
				CLANG_WARN_DIRECT_OBJC_ISA_USAGE = YES_ERROR;
				CLANG_WARN_DOCUMENTATION_COMMENTS = YES;
				CLANG_WARN_EMPTY_BODY = YES;
				CLANG_WARN_ENUM_CONVERSION = YES;
				CLANG_WARN_INFINITE_RECURSION = YES;
				CLANG_WARN_INT_CONVERSION = YES;
				CLANG_WARN_NON_LITERAL_NULL_CONVERSION = YES;
				CLANG_WARN_OBJC_IMPLICIT_RETAIN_SELF = YES;
				CLANG_WARN_OBJC_LITERAL_CONVERSION = YES;
				CLANG_WARN_OBJC_ROOT_CLASS = YES_ERROR;
				CLANG_WARN_QUOTED_INCLUDE_IN_FRAMEWORK_HEADER = YES;
				CLANG_WARN_RANGE_LOOP_ANALYSIS = YES;
				CLANG_WARN_STRICT_PROTOTYPES = YES;
				CLANG_WARN_SUSPICIOUS_MOVE = YES;
				CLANG_WARN_UNGUARDED_AVAILABILITY = YES_AGGRESSIVE;
				CLANG_WARN_UNREACHABLE_CODE = YES;
				CLANG_WARN__DUPLICATE_METHOD_MATCH = YES;
				COPY_PHASE_STRIP = NO;
				DEBUG_INFORMATION_FORMAT = dwarf;
				ENABLE_STRICT_OBJC_MSGSEND = YES;
				ENABLE_TESTABILITY = YES;
				GCC_C_LANGUAGE_STANDARD = gnu11;
				GCC_DYNAMIC_NO_PIC = NO;
				GCC_NO_COMMON_BLOCKS = YES;
				GCC_OPTIMIZATION_LEVEL = 0;
				GCC_PREPROCESSOR_DEFINITIONS = (
					"DEBUG=1",
					"$(inherited)",
				);
				GCC_WARN_64_TO_32_BIT_CONVERSION = YES;
				GCC_WARN_ABOUT_RETURN_TYPE = YES_ERROR;
				GCC_WARN_UNDECLARED_SELECTOR = YES;
				GCC_WARN_UNINITIALIZED_AUTOS = YES_AGGRESSIVE;
				GCC_WARN_UNUSED_FUNCTION = YES;
				GCC_WARN_UNUSED_VARIABLE = YES;
				IPHONEOS_DEPLOYMENT_TARGET = 15.2;
				MTL_ENABLE_DEBUG_INFO = INCLUDE_SOURCE;
				MTL_FAST_MATH = YES;
				ONLY_ACTIVE_ARCH = YES;
				SDKROOT = iphoneos;
				SWIFT_ACTIVE_COMPILATION_CONDITIONS = DEBUG;
				SWIFT_OPTIMIZATION_LEVEL = "-Onone";
			};
			name = Debug;
		};
		D390F5EF276F33C20042FF90 /* Release */ = {
			isa = XCBuildConfiguration;
			buildSettings = {
				ALWAYS_SEARCH_USER_PATHS = NO;
				CLANG_ANALYZER_NONNULL = YES;
				CLANG_ANALYZER_NUMBER_OBJECT_CONVERSION = YES_AGGRESSIVE;
				CLANG_CXX_LANGUAGE_STANDARD = "gnu++17";
				CLANG_CXX_LIBRARY = "libc++";
				CLANG_ENABLE_MODULES = YES;
				CLANG_ENABLE_OBJC_ARC = YES;
				CLANG_ENABLE_OBJC_WEAK = YES;
				CLANG_WARN_BLOCK_CAPTURE_AUTORELEASING = YES;
				CLANG_WARN_BOOL_CONVERSION = YES;
				CLANG_WARN_COMMA = YES;
				CLANG_WARN_CONSTANT_CONVERSION = YES;
				CLANG_WARN_DEPRECATED_OBJC_IMPLEMENTATIONS = YES;
				CLANG_WARN_DIRECT_OBJC_ISA_USAGE = YES_ERROR;
				CLANG_WARN_DOCUMENTATION_COMMENTS = YES;
				CLANG_WARN_EMPTY_BODY = YES;
				CLANG_WARN_ENUM_CONVERSION = YES;
				CLANG_WARN_INFINITE_RECURSION = YES;
				CLANG_WARN_INT_CONVERSION = YES;
				CLANG_WARN_NON_LITERAL_NULL_CONVERSION = YES;
				CLANG_WARN_OBJC_IMPLICIT_RETAIN_SELF = YES;
				CLANG_WARN_OBJC_LITERAL_CONVERSION = YES;
				CLANG_WARN_OBJC_ROOT_CLASS = YES_ERROR;
				CLANG_WARN_QUOTED_INCLUDE_IN_FRAMEWORK_HEADER = YES;
				CLANG_WARN_RANGE_LOOP_ANALYSIS = YES;
				CLANG_WARN_STRICT_PROTOTYPES = YES;
				CLANG_WARN_SUSPICIOUS_MOVE = YES;
				CLANG_WARN_UNGUARDED_AVAILABILITY = YES_AGGRESSIVE;
				CLANG_WARN_UNREACHABLE_CODE = YES;
				CLANG_WARN__DUPLICATE_METHOD_MATCH = YES;
				COPY_PHASE_STRIP = NO;
				DEBUG_INFORMATION_FORMAT = "dwarf-with-dsym";
				ENABLE_NS_ASSERTIONS = NO;
				ENABLE_STRICT_OBJC_MSGSEND = YES;
				GCC_C_LANGUAGE_STANDARD = gnu11;
				GCC_NO_COMMON_BLOCKS = YES;
				GCC_WARN_64_TO_32_BIT_CONVERSION = YES;
				GCC_WARN_ABOUT_RETURN_TYPE = YES_ERROR;
				GCC_WARN_UNDECLARED_SELECTOR = YES;
				GCC_WARN_UNINITIALIZED_AUTOS = YES_AGGRESSIVE;
				GCC_WARN_UNUSED_FUNCTION = YES;
				GCC_WARN_UNUSED_VARIABLE = YES;
				IPHONEOS_DEPLOYMENT_TARGET = 15.2;
				MTL_ENABLE_DEBUG_INFO = NO;
				MTL_FAST_MATH = YES;
				SDKROOT = iphoneos;
				SWIFT_COMPILATION_MODE = wholemodule;
				SWIFT_OPTIMIZATION_LEVEL = "-O";
				VALIDATE_PRODUCT = YES;
			};
			name = Release;
		};
		D390F5F1276F33C20042FF90 /* Debug */ = {
			isa = XCBuildConfiguration;
			buildSettings = {
				ASSETCATALOG_COMPILER_APPICON_NAME = AppIcon;
				ASSETCATALOG_COMPILER_GLOBAL_ACCENT_COLOR_NAME = AccentColor;
				CODE_SIGN_STYLE = Automatic;
				CURRENT_PROJECT_VERSION = 1;
				DEVELOPMENT_TEAM = G5YTAD768G;
				GENERATE_INFOPLIST_FILE = YES;
				INFOPLIST_FILE = FlySafe/SupportingFiles/Info.plist;
				INFOPLIST_KEY_UIApplicationSupportsIndirectInputEvents = YES;
				INFOPLIST_KEY_UILaunchStoryboardName = LaunchScreen;
				INFOPLIST_KEY_UISupportedInterfaceOrientations_iPad = "UIInterfaceOrientationPortrait UIInterfaceOrientationPortraitUpsideDown UIInterfaceOrientationLandscapeLeft UIInterfaceOrientationLandscapeRight";
				INFOPLIST_KEY_UISupportedInterfaceOrientations_iPhone = "UIInterfaceOrientationPortrait UIInterfaceOrientationLandscapeLeft UIInterfaceOrientationLandscapeRight";
				LD_RUNPATH_SEARCH_PATHS = (
					"$(inherited)",
					"@executable_path/Frameworks",
				);
				MARKETING_VERSION = 1.0;
				PRODUCT_BUNDLE_IDENTIFIER = com.lizichichua.FlySafe;
				PRODUCT_NAME = "$(TARGET_NAME)";
				SWIFT_EMIT_LOC_STRINGS = YES;
				SWIFT_VERSION = 5.0;
				TARGETED_DEVICE_FAMILY = 1;
			};
			name = Debug;
		};
		D390F5F2276F33C20042FF90 /* Release */ = {
			isa = XCBuildConfiguration;
			buildSettings = {
				ASSETCATALOG_COMPILER_APPICON_NAME = AppIcon;
				ASSETCATALOG_COMPILER_GLOBAL_ACCENT_COLOR_NAME = AccentColor;
				CODE_SIGN_STYLE = Automatic;
				CURRENT_PROJECT_VERSION = 1;
				DEVELOPMENT_TEAM = G5YTAD768G;
				GENERATE_INFOPLIST_FILE = YES;
				INFOPLIST_FILE = FlySafe/SupportingFiles/Info.plist;
				INFOPLIST_KEY_UIApplicationSupportsIndirectInputEvents = YES;
				INFOPLIST_KEY_UILaunchStoryboardName = LaunchScreen;
				INFOPLIST_KEY_UISupportedInterfaceOrientations_iPad = "UIInterfaceOrientationPortrait UIInterfaceOrientationPortraitUpsideDown UIInterfaceOrientationLandscapeLeft UIInterfaceOrientationLandscapeRight";
				INFOPLIST_KEY_UISupportedInterfaceOrientations_iPhone = "UIInterfaceOrientationPortrait UIInterfaceOrientationLandscapeLeft UIInterfaceOrientationLandscapeRight";
				LD_RUNPATH_SEARCH_PATHS = (
					"$(inherited)",
					"@executable_path/Frameworks",
				);
				MARKETING_VERSION = 1.0;
				PRODUCT_BUNDLE_IDENTIFIER = com.lizichichua.FlySafe;
				PRODUCT_NAME = "$(TARGET_NAME)";
				SWIFT_EMIT_LOC_STRINGS = YES;
				SWIFT_VERSION = 5.0;
				TARGETED_DEVICE_FAMILY = 1;
			};
			name = Release;
		};
/* End XCBuildConfiguration section */

/* Begin XCConfigurationList section */
		D390F5D4276F33C00042FF90 /* Build configuration list for PBXProject "FlySafe" */ = {
			isa = XCConfigurationList;
			buildConfigurations = (
				D390F5EE276F33C20042FF90 /* Debug */,
				D390F5EF276F33C20042FF90 /* Release */,
			);
			defaultConfigurationIsVisible = 0;
			defaultConfigurationName = Release;
		};
		D390F5F0276F33C20042FF90 /* Build configuration list for PBXNativeTarget "FlySafe" */ = {
			isa = XCConfigurationList;
			buildConfigurations = (
				D390F5F1276F33C20042FF90 /* Debug */,
				D390F5F2276F33C20042FF90 /* Release */,
			);
			defaultConfigurationIsVisible = 0;
			defaultConfigurationName = Release;
		};
/* End XCConfigurationList section */

/* Begin XCVersionGroup section */
		D390F5E5276F33C00042FF90 /* FlySafe.xcdatamodeld */ = {
			isa = XCVersionGroup;
			children = (
				D390F5E6276F33C00042FF90 /* FlySafe.xcdatamodel */,
			);
			currentVersion = D390F5E6276F33C00042FF90 /* FlySafe.xcdatamodel */;
			path = FlySafe.xcdatamodeld;
			sourceTree = "<group>";
			versionGroupType = wrapper.xcdatamodel;
		};
/* End XCVersionGroup section */
	};
	rootObject = D390F5D1276F33C00042FF90 /* Project object */;
}
